// !$*UTF8*$!
{
	archiveVersion = 1;
	classes = {
	};
	objectVersion = 50;
	objects = {

/* Begin PBXBuildFile section */
		FDC07C0F219AEE630028652C /* AppDelegate.swift in Sources */ = {isa = PBXBuildFile; fileRef = FDC07C0E219AEE630028652C /* AppDelegate.swift */; };
		FDC07C11219AEE630028652C /* ViewController.swift in Sources */ = {isa = PBXBuildFile; fileRef = FDC07C10219AEE630028652C /* ViewController.swift */; };
		FDC07C13219AEE650028652C /* Assets.xcassets in Resources */ = {isa = PBXBuildFile; fileRef = FDC07C12219AEE650028652C /* Assets.xcassets */; };
		FDC07C16219AEE650028652C /* Main.storyboard in Resources */ = {isa = PBXBuildFile; fileRef = FDC07C14219AEE650028652C /* Main.storyboard */; };
		FDC07C22219AEE650028652C /* ConnectTests.swift in Sources */ = {isa = PBXBuildFile; fileRef = FDC07C21219AEE650028652C /* ConnectTests.swift */; };
		FDC07C2D219AEE650028652C /* ConnectUITests.swift in Sources */ = {isa = PBXBuildFile; fileRef = FDC07C2C219AEE650028652C /* ConnectUITests.swift */; };
/* End PBXBuildFile section */

/* Begin PBXContainerItemProxy section */
		FDC07C1E219AEE650028652C /* PBXContainerItemProxy */ = {
			isa = PBXContainerItemProxy;
			containerPortal = FDC07C03219AEE630028652C /* Project object */;
			proxyType = 1;
			remoteGlobalIDString = FDC07C0A219AEE630028652C;
			remoteInfo = Connect;
		};
		FDC07C29219AEE650028652C /* PBXContainerItemProxy */ = {
			isa = PBXContainerItemProxy;
			containerPortal = FDC07C03219AEE630028652C /* Project object */;
			proxyType = 1;
			remoteGlobalIDString = FDC07C0A219AEE630028652C;
			remoteInfo = Connect;
		};
/* End PBXContainerItemProxy section */

/* Begin PBXFileReference section */
		FDC07C0B219AEE630028652C /* Connect.app */ = {isa = PBXFileReference; explicitFileType = wrapper.application; includeInIndex = 0; path = Connect.app; sourceTree = BUILT_PRODUCTS_DIR; };
		FDC07C0E219AEE630028652C /* AppDelegate.swift */ = {isa = PBXFileReference; lastKnownFileType = sourcecode.swift; path = AppDelegate.swift; sourceTree = "<group>"; };
		FDC07C10219AEE630028652C /* ViewController.swift */ = {isa = PBXFileReference; lastKnownFileType = sourcecode.swift; path = ViewController.swift; sourceTree = "<group>"; };
		FDC07C12219AEE650028652C /* Assets.xcassets */ = {isa = PBXFileReference; lastKnownFileType = folder.assetcatalog; path = Assets.xcassets; sourceTree = "<group>"; };
		FDC07C15219AEE650028652C /* Base */ = {isa = PBXFileReference; lastKnownFileType = file.storyboard; name = Base; path = Base.lproj/Main.storyboard; sourceTree = "<group>"; };
		FDC07C17219AEE650028652C /* Info.plist */ = {isa = PBXFileReference; lastKnownFileType = text.plist.xml; path = Info.plist; sourceTree = "<group>"; };
		FDC07C18219AEE650028652C /* Connect.entitlements */ = {isa = PBXFileReference; lastKnownFileType = text.plist.entitlements; path = Connect.entitlements; sourceTree = "<group>"; };
		FDC07C1D219AEE650028652C /* ConnectTests.xctest */ = {isa = PBXFileReference; explicitFileType = wrapper.cfbundle; includeInIndex = 0; path = ConnectTests.xctest; sourceTree = BUILT_PRODUCTS_DIR; };
		FDC07C21219AEE650028652C /* ConnectTests.swift */ = {isa = PBXFileReference; lastKnownFileType = sourcecode.swift; path = ConnectTests.swift; sourceTree = "<group>"; };
		FDC07C23219AEE650028652C /* Info.plist */ = {isa = PBXFileReference; lastKnownFileType = text.plist.xml; path = Info.plist; sourceTree = "<group>"; };
		FDC07C28219AEE650028652C /* ConnectUITests.xctest */ = {isa = PBXFileReference; explicitFileType = wrapper.cfbundle; includeInIndex = 0; path = ConnectUITests.xctest; sourceTree = BUILT_PRODUCTS_DIR; };
		FDC07C2C219AEE650028652C /* ConnectUITests.swift */ = {isa = PBXFileReference; lastKnownFileType = sourcecode.swift; path = ConnectUITests.swift; sourceTree = "<group>"; };
		FDC07C2E219AEE650028652C /* Info.plist */ = {isa = PBXFileReference; lastKnownFileType = text.plist.xml; path = Info.plist; sourceTree = "<group>"; };
/* End PBXFileReference section */

/* Begin PBXFrameworksBuildPhase section */
		FDC07C08219AEE630028652C /* Frameworks */ = {
			isa = PBXFrameworksBuildPhase;
			buildActionMask = 2147483647;
			files = (
			);
			runOnlyForDeploymentPostprocessing = 0;
		};
		FDC07C1A219AEE650028652C /* Frameworks */ = {
			isa = PBXFrameworksBuildPhase;
			buildActionMask = 2147483647;
			files = (
			);
			runOnlyForDeploymentPostprocessing = 0;
		};
		FDC07C25219AEE650028652C /* Frameworks */ = {
			isa = PBXFrameworksBuildPhase;
			buildActionMask = 2147483647;
			files = (
			);
			runOnlyForDeploymentPostprocessing = 0;
		};
/* End PBXFrameworksBuildPhase section */

/* Begin PBXGroup section */
		FDC07C02219AEE620028652C = {
			isa = PBXGroup;
			children = (
				FDC07C0D219AEE630028652C /* Connect */,
				FDC07C20219AEE650028652C /* ConnectTests */,
				FDC07C2B219AEE650028652C /* ConnectUITests */,
				FDC07C0C219AEE630028652C /* Products */,
			);
			sourceTree = "<group>";
		};
		FDC07C0C219AEE630028652C /* Products */ = {
			isa = PBXGroup;
			children = (
				FDC07C0B219AEE630028652C /* Connect.app */,
				FDC07C1D219AEE650028652C /* ConnectTests.xctest */,
				FDC07C28219AEE650028652C /* ConnectUITests.xctest */,
			);
			name = Products;
			sourceTree = "<group>";
		};
		FDC07C0D219AEE630028652C /* Connect */ = {
			isa = PBXGroup;
			children = (
				FDC07C0E219AEE630028652C /* AppDelegate.swift */,
				FDC07C10219AEE630028652C /* ViewController.swift */,
				FDC07C12219AEE650028652C /* Assets.xcassets */,
				FDC07C14219AEE650028652C /* Main.storyboard */,
				FDC07C17219AEE650028652C /* Info.plist */,
				FDC07C18219AEE650028652C /* Connect.entitlements */,
			);
			path = Connect;
			sourceTree = "<group>";
		};
		FDC07C20219AEE650028652C /* ConnectTests */ = {
			isa = PBXGroup;
			children = (
				FDC07C21219AEE650028652C /* ConnectTests.swift */,
				FDC07C23219AEE650028652C /* Info.plist */,
			);
			path = ConnectTests;
			sourceTree = "<group>";
		};
		FDC07C2B219AEE650028652C /* ConnectUITests */ = {
			isa = PBXGroup;
			children = (
				FDC07C2C219AEE650028652C /* ConnectUITests.swift */,
				FDC07C2E219AEE650028652C /* Info.plist */,
			);
			path = ConnectUITests;
			sourceTree = "<group>";
		};
/* End PBXGroup section */

/* Begin PBXNativeTarget section */
		FDC07C0A219AEE630028652C /* Connect */ = {
			isa = PBXNativeTarget;
			buildConfigurationList = FDC07C31219AEE650028652C /* Build configuration list for PBXNativeTarget "Connect" */;
			buildPhases = (
				FDC07C07219AEE630028652C /* Sources */,
				FDC07C08219AEE630028652C /* Frameworks */,
				FDC07C09219AEE630028652C /* Resources */,
			);
			buildRules = (
			);
			dependencies = (
			);
			name = Connect;
			productName = Connect;
			productReference = FDC07C0B219AEE630028652C /* Connect.app */;
			productType = "com.apple.product-type.application";
		};
		FDC07C1C219AEE650028652C /* ConnectTests */ = {
			isa = PBXNativeTarget;
			buildConfigurationList = FDC07C34219AEE650028652C /* Build configuration list for PBXNativeTarget "ConnectTests" */;
			buildPhases = (
				FDC07C19219AEE650028652C /* Sources */,
				FDC07C1A219AEE650028652C /* Frameworks */,
				FDC07C1B219AEE650028652C /* Resources */,
			);
			buildRules = (
			);
			dependencies = (
				FDC07C1F219AEE650028652C /* PBXTargetDependency */,
			);
			name = ConnectTests;
			productName = ConnectTests;
			productReference = FDC07C1D219AEE650028652C /* ConnectTests.xctest */;
			productType = "com.apple.product-type.bundle.unit-test";
		};
		FDC07C27219AEE650028652C /* ConnectUITests */ = {
			isa = PBXNativeTarget;
			buildConfigurationList = FDC07C37219AEE650028652C /* Build configuration list for PBXNativeTarget "ConnectUITests" */;
			buildPhases = (
				FDC07C24219AEE650028652C /* Sources */,
				FDC07C25219AEE650028652C /* Frameworks */,
				FDC07C26219AEE650028652C /* Resources */,
			);
			buildRules = (
			);
			dependencies = (
				FDC07C2A219AEE650028652C /* PBXTargetDependency */,
			);
			name = ConnectUITests;
			productName = ConnectUITests;
			productReference = FDC07C28219AEE650028652C /* ConnectUITests.xctest */;
			productType = "com.apple.product-type.bundle.ui-testing";
		};
/* End PBXNativeTarget section */

/* Begin PBXProject section */
		FDC07C03219AEE630028652C /* Project object */ = {
			isa = PBXProject;
			attributes = {
				LastSwiftUpdateCheck = 1010;
				LastUpgradeCheck = 1010;
				ORGANIZATIONNAME = "Friedrich Weise";
				TargetAttributes = {
					FDC07C0A219AEE630028652C = {
						CreatedOnToolsVersion = 10.1;
					};
					FDC07C1C219AEE650028652C = {
						CreatedOnToolsVersion = 10.1;
						TestTargetID = FDC07C0A219AEE630028652C;
					};
					FDC07C27219AEE650028652C = {
						CreatedOnToolsVersion = 10.1;
						TestTargetID = FDC07C0A219AEE630028652C;
					};
				};
			};
			buildConfigurationList = FDC07C06219AEE630028652C /* Build configuration list for PBXProject "Connect" */;
			compatibilityVersion = "Xcode 9.3";
			developmentRegion = en;
			hasScannedForEncodings = 0;
			knownRegions = (
				en,
				Base,
			);
			mainGroup = FDC07C02219AEE620028652C;
			productRefGroup = FDC07C0C219AEE630028652C /* Products */;
			projectDirPath = "";
			projectRoot = "";
			targets = (
				FDC07C0A219AEE630028652C /* Connect */,
				FDC07C1C219AEE650028652C /* ConnectTests */,
				FDC07C27219AEE650028652C /* ConnectUITests */,
			);
		};
/* End PBXProject section */

/* Begin PBXResourcesBuildPhase section */
		FDC07C09219AEE630028652C /* Resources */ = {
			isa = PBXResourcesBuildPhase;
			buildActionMask = 2147483647;
			files = (
				FDC07C13219AEE650028652C /* Assets.xcassets in Resources */,
				FDC07C16219AEE650028652C /* Main.storyboard in Resources */,
			);
			runOnlyForDeploymentPostprocessing = 0;
		};
		FDC07C1B219AEE650028652C /* Resources */ = {
			isa = PBXResourcesBuildPhase;
			buildActionMask = 2147483647;
			files = (
			);
			runOnlyForDeploymentPostprocessing = 0;
		};
		FDC07C26219AEE650028652C /* Resources */ = {
			isa = PBXResourcesBuildPhase;
			buildActionMask = 2147483647;
			files = (
			);
			runOnlyForDeploymentPostprocessing = 0;
		};
/* End PBXResourcesBuildPhase section */

/* Begin PBXSourcesBuildPhase section */
		FDC07C07219AEE630028652C /* Sources */ = {
			isa = PBXSourcesBuildPhase;
			buildActionMask = 2147483647;
			files = (
				FDC07C11219AEE630028652C /* ViewController.swift in Sources */,
				FDC07C0F219AEE630028652C /* AppDelegate.swift in Sources */,
			);
			runOnlyForDeploymentPostprocessing = 0;
		};
		FDC07C19219AEE650028652C /* Sources */ = {
			isa = PBXSourcesBuildPhase;
			buildActionMask = 2147483647;
			files = (
				FDC07C22219AEE650028652C /* ConnectTests.swift in Sources */,
			);
			runOnlyForDeploymentPostprocessing = 0;
		};
		FDC07C24219AEE650028652C /* Sources */ = {
			isa = PBXSourcesBuildPhase;
			buildActionMask = 2147483647;
			files = (
				FDC07C2D219AEE650028652C /* ConnectUITests.swift in Sources */,
			);
			runOnlyForDeploymentPostprocessing = 0;
		};
/* End PBXSourcesBuildPhase section */

/* Begin PBXTargetDependency section */
		FDC07C1F219AEE650028652C /* PBXTargetDependency */ = {
			isa = PBXTargetDependency;
			target = FDC07C0A219AEE630028652C /* Connect */;
			targetProxy = FDC07C1E219AEE650028652C /* PBXContainerItemProxy */;
		};
		FDC07C2A219AEE650028652C /* PBXTargetDependency */ = {
			isa = PBXTargetDependency;
			target = FDC07C0A219AEE630028652C /* Connect */;
			targetProxy = FDC07C29219AEE650028652C /* PBXContainerItemProxy */;
		};
/* End PBXTargetDependency section */

/* Begin PBXVariantGroup section */
		FDC07C14219AEE650028652C /* Main.storyboard */ = {
			isa = PBXVariantGroup;
			children = (
				FDC07C15219AEE650028652C /* Base */,
			);
			name = Main.storyboard;
			sourceTree = "<group>";
		};
/* End PBXVariantGroup section */

/* Begin XCBuildConfiguration section */
		FDC07C2F219AEE650028652C /* Debug */ = {
			isa = XCBuildConfiguration;
			buildSettings = {
				ALWAYS_SEARCH_USER_PATHS = NO;
				CLANG_ANALYZER_NONNULL = YES;
				CLANG_ANALYZER_NUMBER_OBJECT_CONVERSION = YES_AGGRESSIVE;
				CLANG_CXX_LANGUAGE_STANDARD = "gnu++14";
				CLANG_CXX_LIBRARY = "libc++";
				CLANG_ENABLE_MODULES = YES;
				CLANG_ENABLE_OBJC_ARC = YES;
				CLANG_ENABLE_OBJC_WEAK = YES;
				CLANG_WARN_BLOCK_CAPTURE_AUTORELEASING = YES;
				CLANG_WARN_BOOL_CONVERSION = YES;
				CLANG_WARN_COMMA = YES;
				CLANG_WARN_CONSTANT_CONVERSION = YES;
				CLANG_WARN_DEPRECATED_OBJC_IMPLEMENTATIONS = YES;
				CLANG_WARN_DIRECT_OBJC_ISA_USAGE = YES_ERROR;
				CLANG_WARN_DOCUMENTATION_COMMENTS = YES;
				CLANG_WARN_EMPTY_BODY = YES;
				CLANG_WARN_ENUM_CONVERSION = YES;
				CLANG_WARN_INFINITE_RECURSION = YES;
				CLANG_WARN_INT_CONVERSION = YES;
				CLANG_WARN_NON_LITERAL_NULL_CONVERSION = YES;
				CLANG_WARN_OBJC_IMPLICIT_RETAIN_SELF = YES;
				CLANG_WARN_OBJC_LITERAL_CONVERSION = YES;
				CLANG_WARN_OBJC_ROOT_CLASS = YES_ERROR;
				CLANG_WARN_RANGE_LOOP_ANALYSIS = YES;
				CLANG_WARN_STRICT_PROTOTYPES = YES;
				CLANG_WARN_SUSPICIOUS_MOVE = YES;
				CLANG_WARN_UNGUARDED_AVAILABILITY = YES_AGGRESSIVE;
				CLANG_WARN_UNREACHABLE_CODE = YES;
				CLANG_WARN__DUPLICATE_METHOD_MATCH = YES;
				CODE_SIGN_IDENTITY = "-";
				COPY_PHASE_STRIP = NO;
				DEBUG_INFORMATION_FORMAT = dwarf;
				ENABLE_STRICT_OBJC_MSGSEND = YES;
				ENABLE_TESTABILITY = YES;
				GCC_C_LANGUAGE_STANDARD = gnu11;
				GCC_DYNAMIC_NO_PIC = NO;
				GCC_NO_COMMON_BLOCKS = YES;
				GCC_OPTIMIZATION_LEVEL = 0;
				GCC_PREPROCESSOR_DEFINITIONS = (
					"DEBUG=1",
					"$(inherited)",
				);
				GCC_WARN_64_TO_32_BIT_CONVERSION = YES;
				GCC_WARN_ABOUT_RETURN_TYPE = YES_ERROR;
				GCC_WARN_UNDECLARED_SELECTOR = YES;
				GCC_WARN_UNINITIALIZED_AUTOS = YES_AGGRESSIVE;
				GCC_WARN_UNUSED_FUNCTION = YES;
				GCC_WARN_UNUSED_VARIABLE = YES;
				MACOSX_DEPLOYMENT_TARGET = 10.14;
				MTL_ENABLE_DEBUG_INFO = INCLUDE_SOURCE;
				MTL_FAST_MATH = YES;
				ONLY_ACTIVE_ARCH = YES;
				SDKROOT = macosx;
				SWIFT_ACTIVE_COMPILATION_CONDITIONS = DEBUG;
				SWIFT_OPTIMIZATION_LEVEL = "-Onone";
			};
			name = Debug;
		};
		FDC07C30219AEE650028652C /* Release */ = {
			isa = XCBuildConfiguration;
			buildSettings = {
				ALWAYS_SEARCH_USER_PATHS = NO;
				CLANG_ANALYZER_NONNULL = YES;
				CLANG_ANALYZER_NUMBER_OBJECT_CONVERSION = YES_AGGRESSIVE;
				CLANG_CXX_LANGUAGE_STANDARD = "gnu++14";
				CLANG_CXX_LIBRARY = "libc++";
				CLANG_ENABLE_MODULES = YES;
				CLANG_ENABLE_OBJC_ARC = YES;
				CLANG_ENABLE_OBJC_WEAK = YES;
				CLANG_WARN_BLOCK_CAPTURE_AUTORELEASING = YES;
				CLANG_WARN_BOOL_CONVERSION = YES;
				CLANG_WARN_COMMA = YES;
				CLANG_WARN_CONSTANT_CONVERSION = YES;
				CLANG_WARN_DEPRECATED_OBJC_IMPLEMENTATIONS = YES;
				CLANG_WARN_DIRECT_OBJC_ISA_USAGE = YES_ERROR;
				CLANG_WARN_DOCUMENTATION_COMMENTS = YES;
				CLANG_WARN_EMPTY_BODY = YES;
				CLANG_WARN_ENUM_CONVERSION = YES;
				CLANG_WARN_INFINITE_RECURSION = YES;
				CLANG_WARN_INT_CONVERSION = YES;
				CLANG_WARN_NON_LITERAL_NULL_CONVERSION = YES;
				CLANG_WARN_OBJC_IMPLICIT_RETAIN_SELF = YES;
				CLANG_WARN_OBJC_LITERAL_CONVERSION = YES;
				CLANG_WARN_OBJC_ROOT_CLASS = YES_ERROR;
				CLANG_WARN_RANGE_LOOP_ANALYSIS = YES;
				CLANG_WARN_STRICT_PROTOTYPES = YES;
				CLANG_WARN_SUSPICIOUS_MOVE = YES;
				CLANG_WARN_UNGUARDED_AVAILABILITY = YES_AGGRESSIVE;
				CLANG_WARN_UNREACHABLE_CODE = YES;
				CLANG_WARN__DUPLICATE_METHOD_MATCH = YES;
				CODE_SIGN_IDENTITY = "-";
				COPY_PHASE_STRIP = NO;
				DEBUG_INFORMATION_FORMAT = "dwarf-with-dsym";
				ENABLE_NS_ASSERTIONS = NO;
				ENABLE_STRICT_OBJC_MSGSEND = YES;
				GCC_C_LANGUAGE_STANDARD = gnu11;
				GCC_NO_COMMON_BLOCKS = YES;
				GCC_WARN_64_TO_32_BIT_CONVERSION = YES;
				GCC_WARN_ABOUT_RETURN_TYPE = YES_ERROR;
				GCC_WARN_UNDECLARED_SELECTOR = YES;
				GCC_WARN_UNINITIALIZED_AUTOS = YES_AGGRESSIVE;
				GCC_WARN_UNUSED_FUNCTION = YES;
				GCC_WARN_UNUSED_VARIABLE = YES;
				MACOSX_DEPLOYMENT_TARGET = 10.14;
				MTL_ENABLE_DEBUG_INFO = NO;
				MTL_FAST_MATH = YES;
				SDKROOT = macosx;
				SWIFT_COMPILATION_MODE = wholemodule;
				SWIFT_OPTIMIZATION_LEVEL = "-O";
			};
			name = Release;
		};
		FDC07C32219AEE650028652C /* Debug */ = {
			isa = XCBuildConfiguration;
			buildSettings = {
				ASSETCATALOG_COMPILER_APPICON_NAME = AppIcon;
				CODE_SIGN_ENTITLEMENTS = Connect/Connect.entitlements;
				CODE_SIGN_STYLE = Automatic;
				COMBINE_HIDPI_IMAGES = YES;
				INFOPLIST_FILE = Connect/Info.plist;
				LD_RUNPATH_SEARCH_PATHS = (
					"$(inherited)",
					"@executable_path/../Frameworks",
				);
				PRODUCT_BUNDLE_IDENTIFIER = friedrich.weise.Connect;
				PRODUCT_NAME = "$(TARGET_NAME)";
				SWIFT_VERSION = 4.2;
			};
			name = Debug;
		};
		FDC07C33219AEE650028652C /* Release */ = {
			isa = XCBuildConfiguration;
			buildSettings = {
				ASSETCATALOG_COMPILER_APPICON_NAME = AppIcon;
				CODE_SIGN_ENTITLEMENTS = Connect/Connect.entitlements;
				CODE_SIGN_STYLE = Automatic;
				COMBINE_HIDPI_IMAGES = YES;
				INFOPLIST_FILE = Connect/Info.plist;
				LD_RUNPATH_SEARCH_PATHS = (
					"$(inherited)",
					"@executable_path/../Frameworks",
				);
				PRODUCT_BUNDLE_IDENTIFIER = friedrich.weise.Connect;
				PRODUCT_NAME = "$(TARGET_NAME)";
				SWIFT_VERSION = 4.2;
			};
			name = Release;
		};
		FDC07C35219AEE650028652C /* Debug */ = {
			isa = XCBuildConfiguration;
			buildSettings = {
				ALWAYS_EMBED_SWIFT_STANDARD_LIBRARIES = YES;
				BUNDLE_LOADER = "$(TEST_HOST)";
				CODE_SIGN_STYLE = Automatic;
				COMBINE_HIDPI_IMAGES = YES;
				INFOPLIST_FILE = ConnectTests/Info.plist;
				LD_RUNPATH_SEARCH_PATHS = (
					"$(inherited)",
					"@executable_path/../Frameworks",
					"@loader_path/../Frameworks",
				);
				PRODUCT_BUNDLE_IDENTIFIER = friedrich.weise.ConnectTests;
				PRODUCT_NAME = "$(TARGET_NAME)";
				SWIFT_VERSION = 4.2;
				TEST_HOST = "$(BUILT_PRODUCTS_DIR)/Connect.app/Contents/MacOS/Connect";
			};
			name = Debug;
		};
		FDC07C36219AEE650028652C /* Release */ = {
			isa = XCBuildConfiguration;
			buildSettings = {
				ALWAYS_EMBED_SWIFT_STANDARD_LIBRARIES = YES;
				BUNDLE_LOADER = "$(TEST_HOST)";
				CODE_SIGN_STYLE = Automatic;
				COMBINE_HIDPI_IMAGES = YES;
				INFOPLIST_FILE = ConnectTests/Info.plist;
				LD_RUNPATH_SEARCH_PATHS = (
					"$(inherited)",
					"@executable_path/../Frameworks",
					"@loader_path/../Frameworks",
				);
				PRODUCT_BUNDLE_IDENTIFIER = friedrich.weise.ConnectTests;
				PRODUCT_NAME = "$(TARGET_NAME)";
				SWIFT_VERSION = 4.2;
				TEST_HOST = "$(BUILT_PRODUCTS_DIR)/Connect.app/Contents/MacOS/Connect";
			};
			name = Release;
		};
		FDC07C38219AEE650028652C /* Debug */ = {
			isa = XCBuildConfiguration;
			buildSettings = {
				ALWAYS_EMBED_SWIFT_STANDARD_LIBRARIES = YES;
				CODE_SIGN_STYLE = Automatic;
				COMBINE_HIDPI_IMAGES = YES;
				INFOPLIST_FILE = ConnectUITests/Info.plist;
				LD_RUNPATH_SEARCH_PATHS = (
					"$(inherited)",
					"@executable_path/../Frameworks",
					"@loader_path/../Frameworks",
				);
				PRODUCT_BUNDLE_IDENTIFIER = friedrich.weise.ConnectUITests;
				PRODUCT_NAME = "$(TARGET_NAME)";
				SWIFT_VERSION = 4.2;
				TEST_TARGET_NAME = Connect;
			};
			name = Debug;
		};
		FDC07C39219AEE650028652C /* Release */ = {
			isa = XCBuildConfiguration;
			buildSettings = {
				ALWAYS_EMBED_SWIFT_STANDARD_LIBRARIES = YES;
				CODE_SIGN_STYLE = Automatic;
				COMBINE_HIDPI_IMAGES = YES;
				INFOPLIST_FILE = ConnectUITests/Info.plist;
				LD_RUNPATH_SEARCH_PATHS = (
					"$(inherited)",
					"@executable_path/../Frameworks",
					"@loader_path/../Frameworks",
				);
				PRODUCT_BUNDLE_IDENTIFIER = friedrich.weise.ConnectUITests;
				PRODUCT_NAME = "$(TARGET_NAME)";
				SWIFT_VERSION = 4.2;
				TEST_TARGET_NAME = Connect;
			};
			name = Release;
		};
/* End XCBuildConfiguration section */

/* Begin XCConfigurationList section */
		FDC07C06219AEE630028652C /* Build configuration list for PBXProject "Connect" */ = {
			isa = XCConfigurationList;
			buildConfigurations = (
				FDC07C2F219AEE650028652C /* Debug */,
				FDC07C30219AEE650028652C /* Release */,
			);
			defaultConfigurationIsVisible = 0;
			defaultConfigurationName = Release;
		};
		FDC07C31219AEE650028652C /* Build configuration list for PBXNativeTarget "Connect" */ = {
			isa = XCConfigurationList;
			buildConfigurations = (
				FDC07C32219AEE650028652C /* Debug */,
				FDC07C33219AEE650028652C /* Release */,
			);
			defaultConfigurationIsVisible = 0;
			defaultConfigurationName = Release;
		};
		FDC07C34219AEE650028652C /* Build configuration list for PBXNativeTarget "ConnectTests" */ = {
			isa = XCConfigurationList;
			buildConfigurations = (
				FDC07C35219AEE650028652C /* Debug */,
				FDC07C36219AEE650028652C /* Release */,
			);
			defaultConfigurationIsVisible = 0;
			defaultConfigurationName = Release;
		};
		FDC07C37219AEE650028652C /* Build configuration list for PBXNativeTarget "ConnectUITests" */ = {
			isa = XCConfigurationList;
			buildConfigurations = (
				FDC07C38219AEE650028652C /* Debug */,
				FDC07C39219AEE650028652C /* Release */,
			);
			defaultConfigurationIsVisible = 0;
			defaultConfigurationName = Release;
		};
/* End XCConfigurationList section */
	};
	rootObject = FDC07C03219AEE630028652C /* Project object */;
}
