// !$*UTF8*$!
{
	archiveVersion = 1;
	classes = {
	};
	objectVersion = 50;
	objects = {

/* Begin PBXBuildFile section */
		FD401BDC219F0DC80047F462 /* PreferenceWindowController.swift in Sources */ = {isa = PBXBuildFile; fileRef = FD401BDA219F0DC80047F462 /* PreferenceWindowController.swift */; };
		FD401BDD219F0DC80047F462 /* PreferenceWindowController.xib in Resources */ = {isa = PBXBuildFile; fileRef = FD401BDB219F0DC80047F462 /* PreferenceWindowController.xib */; };
		FD401BDF219F0EFE0047F462 /* PreferenceViewController.swift in Sources */ = {isa = PBXBuildFile; fileRef = FD401BDE219F0EFE0047F462 /* PreferenceViewController.swift */; };
		FD4CF5CA219F152400901936 /* Config.swift in Sources */ = {isa = PBXBuildFile; fileRef = FD4CF5C9219F152400901936 /* Config.swift */; };
		FD5CF88D219F122400F687A5 /* MASShortcut.framework in Frameworks */ = {isa = PBXBuildFile; fileRef = FD5CF88C219F122400F687A5 /* MASShortcut.framework */; };
		FD5CF88E219F122400F687A5 /* MASShortcut.framework in Embed Frameworks */ = {isa = PBXBuildFile; fileRef = FD5CF88C219F122400F687A5 /* MASShortcut.framework */; settings = {ATTRIBUTES = (CodeSignOnCopy, RemoveHeadersOnCopy, ); }; };
		FDF41902219DD5D500A8E8E1 /* AppDelegate.swift in Sources */ = {isa = PBXBuildFile; fileRef = FDF41901219DD5D500A8E8E1 /* AppDelegate.swift */; };
		FDF41904219DD5D700A8E8E1 /* Assets.xcassets in Resources */ = {isa = PBXBuildFile; fileRef = FDF41903219DD5D700A8E8E1 /* Assets.xcassets */; };
		FDF41907219DD5D700A8E8E1 /* MainMenu.xib in Resources */ = {isa = PBXBuildFile; fileRef = FDF41905219DD5D700A8E8E1 /* MainMenu.xib */; };
		FDF41913219DD5D700A8E8E1 /* wechselTests.swift in Sources */ = {isa = PBXBuildFile; fileRef = FDF41912219DD5D700A8E8E1 /* wechselTests.swift */; };
		FDF4191E219DD65A00A8E8E1 /* MainMenuController.swift in Sources */ = {isa = PBXBuildFile; fileRef = FDF4191D219DD65A00A8E8E1 /* MainMenuController.swift */; };
		FDF41921219DD81600A8E8E1 /* MainWindowController.swift in Sources */ = {isa = PBXBuildFile; fileRef = FDF4191F219DD81600A8E8E1 /* MainWindowController.swift */; };
		FDF41922219DD81600A8E8E1 /* MainWindow.xib in Resources */ = {isa = PBXBuildFile; fileRef = FDF41920219DD81600A8E8E1 /* MainWindow.xib */; };
		FDF41924219DD93400A8E8E1 /* ViewController.swift in Sources */ = {isa = PBXBuildFile; fileRef = FDF41923219DD93400A8E8E1 /* ViewController.swift */; };
		FDF41927219DD94600A8E8E1 /* blueutilBridge.swift in Sources */ = {isa = PBXBuildFile; fileRef = FDF41925219DD94600A8E8E1 /* blueutilBridge.swift */; };
		FDF41928219DD94600A8E8E1 /* Connection.swift in Sources */ = {isa = PBXBuildFile; fileRef = FDF41926219DD94600A8E8E1 /* Connection.swift */; };
		FDF4192E219DDD0F00A8E8E1 /* blueutil in Resources */ = {isa = PBXBuildFile; fileRef = FDF4192D219DDD0F00A8E8E1 /* blueutil */; settings = {ASSET_TAGS = (blueutil, ); }; };
/* End PBXBuildFile section */

/* Begin PBXContainerItemProxy section */
		FDF4190F219DD5D700A8E8E1 /* PBXContainerItemProxy */ = {
			isa = PBXContainerItemProxy;
			containerPortal = FDF418F6219DD5D500A8E8E1 /* Project object */;
			proxyType = 1;
			remoteGlobalIDString = FDF418FD219DD5D500A8E8E1;
			remoteInfo = wechsel;
		};
/* End PBXContainerItemProxy section */

/* Begin PBXCopyFilesBuildPhase section */
		FD5CF88F219F122400F687A5 /* Embed Frameworks */ = {
			isa = PBXCopyFilesBuildPhase;
			buildActionMask = 2147483647;
			dstPath = "";
			dstSubfolderSpec = 10;
			files = (
				FD5CF88E219F122400F687A5 /* MASShortcut.framework in Embed Frameworks */,
			);
			name = "Embed Frameworks";
			runOnlyForDeploymentPostprocessing = 0;
		};
/* End PBXCopyFilesBuildPhase section */

/* Begin PBXFileReference section */
		FD401BD2219F07470047F462 /* Bridging_Header.h */ = {isa = PBXFileReference; lastKnownFileType = sourcecode.c.h; path = Bridging_Header.h; sourceTree = "<group>"; };
		FD401BDA219F0DC80047F462 /* PreferenceWindowController.swift */ = {isa = PBXFileReference; lastKnownFileType = sourcecode.swift; path = PreferenceWindowController.swift; sourceTree = "<group>"; };
		FD401BDB219F0DC80047F462 /* PreferenceWindowController.xib */ = {isa = PBXFileReference; lastKnownFileType = file.xib; path = PreferenceWindowController.xib; sourceTree = "<group>"; };
		FD401BDE219F0EFE0047F462 /* PreferenceViewController.swift */ = {isa = PBXFileReference; lastKnownFileType = sourcecode.swift; path = PreferenceViewController.swift; sourceTree = "<group>"; };
		FD401BE0219F11CE0047F462 /* MASShortcut.framework */ = {isa = PBXFileReference; lastKnownFileType = wrapper.framework; path = MASShortcut.framework; sourceTree = "<group>"; };
		FD4CF5C9219F152400901936 /* Config.swift */ = {isa = PBXFileReference; lastKnownFileType = sourcecode.swift; path = Config.swift; sourceTree = "<group>"; };
		FD5CF88C219F122400F687A5 /* MASShortcut.framework */ = {isa = PBXFileReference; lastKnownFileType = wrapper.framework; name = MASShortcut.framework; path = Frameworks/MASShortcut.framework; sourceTree = "<group>"; };
		FDF418FE219DD5D500A8E8E1 /* wechsel.app */ = {isa = PBXFileReference; explicitFileType = wrapper.application; includeInIndex = 0; path = wechsel.app; sourceTree = BUILT_PRODUCTS_DIR; };
		FDF41901219DD5D500A8E8E1 /* AppDelegate.swift */ = {isa = PBXFileReference; lastKnownFileType = sourcecode.swift; path = AppDelegate.swift; sourceTree = "<group>"; };
		FDF41903219DD5D700A8E8E1 /* Assets.xcassets */ = {isa = PBXFileReference; lastKnownFileType = folder.assetcatalog; path = Assets.xcassets; sourceTree = "<group>"; };
		FDF41906219DD5D700A8E8E1 /* Base */ = {isa = PBXFileReference; lastKnownFileType = file.xib; name = Base; path = Base.lproj/MainMenu.xib; sourceTree = "<group>"; };
		FDF41908219DD5D700A8E8E1 /* Info.plist */ = {isa = PBXFileReference; lastKnownFileType = text.plist.xml; path = Info.plist; sourceTree = "<group>"; };
		FDF41909219DD5D700A8E8E1 /* wechsel.entitlements */ = {isa = PBXFileReference; lastKnownFileType = text.plist.entitlements; path = wechsel.entitlements; sourceTree = "<group>"; };
		FDF4190E219DD5D700A8E8E1 /* wechselTests.xctest */ = {isa = PBXFileReference; explicitFileType = wrapper.cfbundle; includeInIndex = 0; path = wechselTests.xctest; sourceTree = BUILT_PRODUCTS_DIR; };
		FDF41912219DD5D700A8E8E1 /* wechselTests.swift */ = {isa = PBXFileReference; lastKnownFileType = sourcecode.swift; path = wechselTests.swift; sourceTree = "<group>"; };
		FDF41914219DD5D700A8E8E1 /* Info.plist */ = {isa = PBXFileReference; lastKnownFileType = text.plist.xml; path = Info.plist; sourceTree = "<group>"; };
		FDF4191D219DD65A00A8E8E1 /* MainMenuController.swift */ = {isa = PBXFileReference; lastKnownFileType = sourcecode.swift; path = MainMenuController.swift; sourceTree = "<group>"; };
		FDF4191F219DD81600A8E8E1 /* MainWindowController.swift */ = {isa = PBXFileReference; lastKnownFileType = sourcecode.swift; path = MainWindowController.swift; sourceTree = "<group>"; };
		FDF41920219DD81600A8E8E1 /* MainWindow.xib */ = {isa = PBXFileReference; lastKnownFileType = file.xib; path = MainWindow.xib; sourceTree = "<group>"; };
		FDF41923219DD93400A8E8E1 /* ViewController.swift */ = {isa = PBXFileReference; fileEncoding = 4; lastKnownFileType = sourcecode.swift; path = ViewController.swift; sourceTree = "<group>"; };
		FDF41925219DD94600A8E8E1 /* blueutilBridge.swift */ = {isa = PBXFileReference; fileEncoding = 4; lastKnownFileType = sourcecode.swift; path = blueutilBridge.swift; sourceTree = "<group>"; };
		FDF41926219DD94600A8E8E1 /* Connection.swift */ = {isa = PBXFileReference; fileEncoding = 4; lastKnownFileType = sourcecode.swift; path = Connection.swift; sourceTree = "<group>"; };
		FDF4192D219DDD0F00A8E8E1 /* blueutil */ = {isa = PBXFileReference; lastKnownFileType = "compiled.mach-o.executable"; path = blueutil; sourceTree = "<group>"; };
/* End PBXFileReference section */

/* Begin PBXFrameworksBuildPhase section */
		FDF418FB219DD5D500A8E8E1 /* Frameworks */ = {
			isa = PBXFrameworksBuildPhase;
			buildActionMask = 2147483647;
			files = (
				FD5CF88D219F122400F687A5 /* MASShortcut.framework in Frameworks */,
			);
			runOnlyForDeploymentPostprocessing = 0;
		};
		FDF4190B219DD5D700A8E8E1 /* Frameworks */ = {
			isa = PBXFrameworksBuildPhase;
			buildActionMask = 2147483647;
			files = (
			);
			runOnlyForDeploymentPostprocessing = 0;
		};
/* End PBXFrameworksBuildPhase section */

/* Begin PBXGroup section */
		FD4CF5C7219F149E00901936 /* Preferences */ = {
			isa = PBXGroup;
			children = (
				FD401BDA219F0DC80047F462 /* PreferenceWindowController.swift */,
				FD401BDB219F0DC80047F462 /* PreferenceWindowController.xib */,
				FD401BDE219F0EFE0047F462 /* PreferenceViewController.swift */,
			);
			path = Preferences;
			sourceTree = "<group>";
		};
		FD4CF5C8219F14AC00901936 /* Modal */ = {
			isa = PBXGroup;
			children = (
				FDF4191F219DD81600A8E8E1 /* MainWindowController.swift */,
				FDF41920219DD81600A8E8E1 /* MainWindow.xib */,
				FDF41923219DD93400A8E8E1 /* ViewController.swift */,
			);
			path = Modal;
			sourceTree = "<group>";
		};
		FDF418F5219DD5D500A8E8E1 = {
			isa = PBXGroup;
			children = (
				FD5CF88C219F122400F687A5 /* MASShortcut.framework */,
				FD401BD2219F07470047F462 /* Bridging_Header.h */,
				FDF41900219DD5D500A8E8E1 /* wechsel */,
				FDF4192F219DDD1600A8E8E1 /* Frameworks */,
				FDF41911219DD5D700A8E8E1 /* wechselTests */,
				FDF418FF219DD5D500A8E8E1 /* Products */,
			);
			sourceTree = "<group>";
		};
		FDF418FF219DD5D500A8E8E1 /* Products */ = {
			isa = PBXGroup;
			children = (
				FDF418FE219DD5D500A8E8E1 /* wechsel.app */,
				FDF4190E219DD5D700A8E8E1 /* wechselTests.xctest */,
			);
			name = Products;
			sourceTree = "<group>";
		};
		FDF41900219DD5D500A8E8E1 /* wechsel */ = {
			isa = PBXGroup;
			children = (
				FDF41901219DD5D500A8E8E1 /* AppDelegate.swift */,
				FDF41903219DD5D700A8E8E1 /* Assets.xcassets */,
				FDF41905219DD5D700A8E8E1 /* MainMenu.xib */,
				FDF41908219DD5D700A8E8E1 /* Info.plist */,
				FDF41909219DD5D700A8E8E1 /* wechsel.entitlements */,
				FDF4191D219DD65A00A8E8E1 /* MainMenuController.swift */,
				FD4CF5C8219F14AC00901936 /* Modal */,
				FDF41925219DD94600A8E8E1 /* blueutilBridge.swift */,
				FDF41926219DD94600A8E8E1 /* Connection.swift */,
				FD4CF5C7219F149E00901936 /* Preferences */,
				FD4CF5C9219F152400901936 /* Config.swift */,
			);
			path = wechsel;
			sourceTree = "<group>";
		};
		FDF41911219DD5D700A8E8E1 /* wechselTests */ = {
			isa = PBXGroup;
			children = (
				FDF41912219DD5D700A8E8E1 /* wechselTests.swift */,
				FDF41914219DD5D700A8E8E1 /* Info.plist */,
			);
			path = wechselTests;
			sourceTree = "<group>";
		};
		FDF4192F219DDD1600A8E8E1 /* Frameworks */ = {
			isa = PBXGroup;
			children = (
				FD401BE0219F11CE0047F462 /* MASShortcut.framework */,
				FDF4192D219DDD0F00A8E8E1 /* blueutil */,
			);
			path = Frameworks;
			sourceTree = "<group>";
		};
/* End PBXGroup section */

/* Begin PBXNativeTarget section */
		FDF418FD219DD5D500A8E8E1 /* wechsel */ = {
			isa = PBXNativeTarget;
			buildConfigurationList = FDF41917219DD5D700A8E8E1 /* Build configuration list for PBXNativeTarget "wechsel" */;
			buildPhases = (
				FDF418FA219DD5D500A8E8E1 /* Sources */,
				FDF418FB219DD5D500A8E8E1 /* Frameworks */,
				FDF418FC219DD5D500A8E8E1 /* Resources */,
				FD5CF88F219F122400F687A5 /* Embed Frameworks */,
			);
			buildRules = (
			);
			dependencies = (
			);
			name = wechsel;
			productName = wechsel;
			productReference = FDF418FE219DD5D500A8E8E1 /* wechsel.app */;
			productType = "com.apple.product-type.application";
		};
		FDF4190D219DD5D700A8E8E1 /* wechselTests */ = {
			isa = PBXNativeTarget;
			buildConfigurationList = FDF4191A219DD5D700A8E8E1 /* Build configuration list for PBXNativeTarget "wechselTests" */;
			buildPhases = (
				FDF4190A219DD5D700A8E8E1 /* Sources */,
				FDF4190B219DD5D700A8E8E1 /* Frameworks */,
				FDF4190C219DD5D700A8E8E1 /* Resources */,
			);
			buildRules = (
			);
			dependencies = (
				FDF41910219DD5D700A8E8E1 /* PBXTargetDependency */,
			);
			name = wechselTests;
			productName = wechselTests;
			productReference = FDF4190E219DD5D700A8E8E1 /* wechselTests.xctest */;
			productType = "com.apple.product-type.bundle.unit-test";
		};
/* End PBXNativeTarget section */

/* Begin PBXProject section */
		FDF418F6219DD5D500A8E8E1 /* Project object */ = {
			isa = PBXProject;
			attributes = {
				KnownAssetTags = (
					blueutil,
				);
				LastSwiftUpdateCheck = 1010;
				LastUpgradeCheck = 1010;
				ORGANIZATIONNAME = "Friedrich Weise";
				TargetAttributes = {
					FDF418FD219DD5D500A8E8E1 = {
						CreatedOnToolsVersion = 10.1;
						SystemCapabilities = {
							com.apple.Sandbox = {
								enabled = 0;
							};
						};
					};
					FDF4190D219DD5D700A8E8E1 = {
						CreatedOnToolsVersion = 10.1;
						TestTargetID = FDF418FD219DD5D500A8E8E1;
					};
				};
			};
			buildConfigurationList = FDF418F9219DD5D500A8E8E1 /* Build configuration list for PBXProject "wechsel" */;
			compatibilityVersion = "Xcode 9.3";
			developmentRegion = en;
			hasScannedForEncodings = 0;
			knownRegions = (
				en,
				Base,
			);
			mainGroup = FDF418F5219DD5D500A8E8E1;
			productRefGroup = FDF418FF219DD5D500A8E8E1 /* Products */;
			projectDirPath = "";
			projectRoot = "";
			targets = (
				FDF418FD219DD5D500A8E8E1 /* wechsel */,
				FDF4190D219DD5D700A8E8E1 /* wechselTests */,
			);
		};
/* End PBXProject section */

/* Begin PBXResourcesBuildPhase section */
		FDF418FC219DD5D500A8E8E1 /* Resources */ = {
			isa = PBXResourcesBuildPhase;
			buildActionMask = 2147483647;
			files = (
				FD401BDD219F0DC80047F462 /* PreferenceWindowController.xib in Resources */,
				FDF41904219DD5D700A8E8E1 /* Assets.xcassets in Resources */,
				FDF41907219DD5D700A8E8E1 /* MainMenu.xib in Resources */,
				FDF4192E219DDD0F00A8E8E1 /* blueutil in Resources */,
				FDF41922219DD81600A8E8E1 /* MainWindow.xib in Resources */,
			);
			runOnlyForDeploymentPostprocessing = 0;
		};
		FDF4190C219DD5D700A8E8E1 /* Resources */ = {
			isa = PBXResourcesBuildPhase;
			buildActionMask = 2147483647;
			files = (
			);
			runOnlyForDeploymentPostprocessing = 0;
		};
/* End PBXResourcesBuildPhase section */

/* Begin PBXSourcesBuildPhase section */
		FDF418FA219DD5D500A8E8E1 /* Sources */ = {
			isa = PBXSourcesBuildPhase;
			buildActionMask = 2147483647;
			files = (
				FDF41902219DD5D500A8E8E1 /* AppDelegate.swift in Sources */,
				FD401BDC219F0DC80047F462 /* PreferenceWindowController.swift in Sources */,
				FD4CF5CA219F152400901936 /* Config.swift in Sources */,
				FDF41928219DD94600A8E8E1 /* Connection.swift in Sources */,
				FDF41921219DD81600A8E8E1 /* MainWindowController.swift in Sources */,
				FDF41924219DD93400A8E8E1 /* ViewController.swift in Sources */,
				FDF41927219DD94600A8E8E1 /* blueutilBridge.swift in Sources */,
				FDF4191E219DD65A00A8E8E1 /* MainMenuController.swift in Sources */,
				FD401BDF219F0EFE0047F462 /* PreferenceViewController.swift in Sources */,
			);
			runOnlyForDeploymentPostprocessing = 0;
		};
		FDF4190A219DD5D700A8E8E1 /* Sources */ = {
			isa = PBXSourcesBuildPhase;
			buildActionMask = 2147483647;
			files = (
				FDF41913219DD5D700A8E8E1 /* wechselTests.swift in Sources */,
			);
			runOnlyForDeploymentPostprocessing = 0;
		};
/* End PBXSourcesBuildPhase section */

/* Begin PBXTargetDependency section */
		FDF41910219DD5D700A8E8E1 /* PBXTargetDependency */ = {
			isa = PBXTargetDependency;
			target = FDF418FD219DD5D500A8E8E1 /* wechsel */;
			targetProxy = FDF4190F219DD5D700A8E8E1 /* PBXContainerItemProxy */;
		};
/* End PBXTargetDependency section */

/* Begin PBXVariantGroup section */
		FDF41905219DD5D700A8E8E1 /* MainMenu.xib */ = {
			isa = PBXVariantGroup;
			children = (
				FDF41906219DD5D700A8E8E1 /* Base */,
			);
			name = MainMenu.xib;
			sourceTree = "<group>";
		};
/* End PBXVariantGroup section */

/* Begin XCBuildConfiguration section */
		FDF41915219DD5D700A8E8E1 /* Debug */ = {
			isa = XCBuildConfiguration;
			buildSettings = {
				ALWAYS_SEARCH_USER_PATHS = NO;
				CLANG_ANALYZER_NONNULL = YES;
				CLANG_ANALYZER_NUMBER_OBJECT_CONVERSION = YES_AGGRESSIVE;
				CLANG_CXX_LANGUAGE_STANDARD = "gnu++14";
				CLANG_CXX_LIBRARY = "libc++";
				CLANG_ENABLE_MODULES = YES;
				CLANG_ENABLE_OBJC_ARC = YES;
				CLANG_ENABLE_OBJC_WEAK = YES;
				CLANG_WARN_BLOCK_CAPTURE_AUTORELEASING = YES;
				CLANG_WARN_BOOL_CONVERSION = YES;
				CLANG_WARN_COMMA = YES;
				CLANG_WARN_CONSTANT_CONVERSION = YES;
				CLANG_WARN_DEPRECATED_OBJC_IMPLEMENTATIONS = YES;
				CLANG_WARN_DIRECT_OBJC_ISA_USAGE = YES_ERROR;
				CLANG_WARN_DOCUMENTATION_COMMENTS = YES;
				CLANG_WARN_EMPTY_BODY = YES;
				CLANG_WARN_ENUM_CONVERSION = YES;
				CLANG_WARN_INFINITE_RECURSION = YES;
				CLANG_WARN_INT_CONVERSION = YES;
				CLANG_WARN_NON_LITERAL_NULL_CONVERSION = YES;
				CLANG_WARN_OBJC_IMPLICIT_RETAIN_SELF = YES;
				CLANG_WARN_OBJC_LITERAL_CONVERSION = YES;
				CLANG_WARN_OBJC_ROOT_CLASS = YES_ERROR;
				CLANG_WARN_RANGE_LOOP_ANALYSIS = YES;
				CLANG_WARN_STRICT_PROTOTYPES = YES;
				CLANG_WARN_SUSPICIOUS_MOVE = YES;
				CLANG_WARN_UNGUARDED_AVAILABILITY = YES_AGGRESSIVE;
				CLANG_WARN_UNREACHABLE_CODE = YES;
				CLANG_WARN__DUPLICATE_METHOD_MATCH = YES;
				CODE_SIGN_IDENTITY = "-";
				COPY_PHASE_STRIP = NO;
				DEBUG_INFORMATION_FORMAT = dwarf;
				ENABLE_STRICT_OBJC_MSGSEND = YES;
				ENABLE_TESTABILITY = YES;
				GCC_C_LANGUAGE_STANDARD = gnu11;
				GCC_DYNAMIC_NO_PIC = NO;
				GCC_NO_COMMON_BLOCKS = YES;
				GCC_OPTIMIZATION_LEVEL = 0;
				GCC_PREPROCESSOR_DEFINITIONS = (
					"DEBUG=1",
					"$(inherited)",
				);
				GCC_WARN_64_TO_32_BIT_CONVERSION = YES;
				GCC_WARN_ABOUT_RETURN_TYPE = YES_ERROR;
				GCC_WARN_UNDECLARED_SELECTOR = YES;
				GCC_WARN_UNINITIALIZED_AUTOS = YES_AGGRESSIVE;
				GCC_WARN_UNUSED_FUNCTION = YES;
				GCC_WARN_UNUSED_VARIABLE = YES;
				MACOSX_DEPLOYMENT_TARGET = 10.14;
				MTL_ENABLE_DEBUG_INFO = INCLUDE_SOURCE;
				MTL_FAST_MATH = YES;
				ONLY_ACTIVE_ARCH = YES;
				SDKROOT = macosx;
				SWIFT_ACTIVE_COMPILATION_CONDITIONS = DEBUG;
				SWIFT_OPTIMIZATION_LEVEL = "-Onone";
			};
			name = Debug;
		};
		FDF41916219DD5D700A8E8E1 /* Release */ = {
			isa = XCBuildConfiguration;
			buildSettings = {
				ALWAYS_SEARCH_USER_PATHS = NO;
				CLANG_ANALYZER_NONNULL = YES;
				CLANG_ANALYZER_NUMBER_OBJECT_CONVERSION = YES_AGGRESSIVE;
				CLANG_CXX_LANGUAGE_STANDARD = "gnu++14";
				CLANG_CXX_LIBRARY = "libc++";
				CLANG_ENABLE_MODULES = YES;
				CLANG_ENABLE_OBJC_ARC = YES;
				CLANG_ENABLE_OBJC_WEAK = YES;
				CLANG_WARN_BLOCK_CAPTURE_AUTORELEASING = YES;
				CLANG_WARN_BOOL_CONVERSION = YES;
				CLANG_WARN_COMMA = YES;
				CLANG_WARN_CONSTANT_CONVERSION = YES;
				CLANG_WARN_DEPRECATED_OBJC_IMPLEMENTATIONS = YES;
				CLANG_WARN_DIRECT_OBJC_ISA_USAGE = YES_ERROR;
				CLANG_WARN_DOCUMENTATION_COMMENTS = YES;
				CLANG_WARN_EMPTY_BODY = YES;
				CLANG_WARN_ENUM_CONVERSION = YES;
				CLANG_WARN_INFINITE_RECURSION = YES;
				CLANG_WARN_INT_CONVERSION = YES;
				CLANG_WARN_NON_LITERAL_NULL_CONVERSION = YES;
				CLANG_WARN_OBJC_IMPLICIT_RETAIN_SELF = YES;
				CLANG_WARN_OBJC_LITERAL_CONVERSION = YES;
				CLANG_WARN_OBJC_ROOT_CLASS = YES_ERROR;
				CLANG_WARN_RANGE_LOOP_ANALYSIS = YES;
				CLANG_WARN_STRICT_PROTOTYPES = YES;
				CLANG_WARN_SUSPICIOUS_MOVE = YES;
				CLANG_WARN_UNGUARDED_AVAILABILITY = YES_AGGRESSIVE;
				CLANG_WARN_UNREACHABLE_CODE = YES;
				CLANG_WARN__DUPLICATE_METHOD_MATCH = YES;
				CODE_SIGN_IDENTITY = "-";
				COPY_PHASE_STRIP = NO;
				DEBUG_INFORMATION_FORMAT = "dwarf-with-dsym";
				ENABLE_NS_ASSERTIONS = NO;
				ENABLE_STRICT_OBJC_MSGSEND = YES;
				GCC_C_LANGUAGE_STANDARD = gnu11;
				GCC_NO_COMMON_BLOCKS = YES;
				GCC_WARN_64_TO_32_BIT_CONVERSION = YES;
				GCC_WARN_ABOUT_RETURN_TYPE = YES_ERROR;
				GCC_WARN_UNDECLARED_SELECTOR = YES;
				GCC_WARN_UNINITIALIZED_AUTOS = YES_AGGRESSIVE;
				GCC_WARN_UNUSED_FUNCTION = YES;
				GCC_WARN_UNUSED_VARIABLE = YES;
				MACOSX_DEPLOYMENT_TARGET = 10.14;
				MTL_ENABLE_DEBUG_INFO = NO;
				MTL_FAST_MATH = YES;
				SDKROOT = macosx;
				SWIFT_COMPILATION_MODE = wholemodule;
				SWIFT_OPTIMIZATION_LEVEL = "-O";
			};
			name = Release;
		};
		FDF41918219DD5D700A8E8E1 /* Debug */ = {
			isa = XCBuildConfiguration;
			buildSettings = {
				ASSETCATALOG_COMPILER_APPICON_NAME = AppIcon;
				CODE_SIGN_STYLE = Automatic;
				COMBINE_HIDPI_IMAGES = YES;
				FRAMEWORK_SEARCH_PATHS = (
					"$(inherited)",
					"$(PROJECT_DIR)/Carthage/Build/Mac",
					"$(PROJECT_DIR)/Frameworks",
				);
				INFOPLIST_FILE = wechsel/Info.plist;
				LD_RUNPATH_SEARCH_PATHS = (
					"$(inherited)",
					"@executable_path/../Frameworks",
				);
				PRODUCT_BUNDLE_IDENTIFIER = friedrich.weise.wechsel;
				PRODUCT_NAME = "$(TARGET_NAME)";
				SWIFT_OBJC_BRIDGING_HEADER = Bridging_Header.h;
				SWIFT_VERSION = 4.2;
			};
			name = Debug;
		};
		FDF41919219DD5D700A8E8E1 /* Release */ = {
			isa = XCBuildConfiguration;
			buildSettings = {
				ASSETCATALOG_COMPILER_APPICON_NAME = AppIcon;
				CODE_SIGN_STYLE = Automatic;
				COMBINE_HIDPI_IMAGES = YES;
				FRAMEWORK_SEARCH_PATHS = (
					"$(inherited)",
					"$(PROJECT_DIR)/Carthage/Build/Mac",
					"$(PROJECT_DIR)/Frameworks",
				);
				INFOPLIST_FILE = wechsel/Info.plist;
				LD_RUNPATH_SEARCH_PATHS = (
					"$(inherited)",
					"@executable_path/../Frameworks",
				);
				PRODUCT_BUNDLE_IDENTIFIER = friedrich.weise.wechsel;
				PRODUCT_NAME = "$(TARGET_NAME)";
				SWIFT_OBJC_BRIDGING_HEADER = Bridging_Header.h;
				SWIFT_VERSION = 4.2;
			};
			name = Release;
		};
		FDF4191B219DD5D700A8E8E1 /* Debug */ = {
			isa = XCBuildConfiguration;
			buildSettings = {
				ALWAYS_EMBED_SWIFT_STANDARD_LIBRARIES = YES;
				BUNDLE_LOADER = "$(TEST_HOST)";
				CODE_SIGN_STYLE = Automatic;
				COMBINE_HIDPI_IMAGES = YES;
				INFOPLIST_FILE = wechselTests/Info.plist;
				LD_RUNPATH_SEARCH_PATHS = (
					"$(inherited)",
					"@executable_path/../Frameworks",
					"@loader_path/../Frameworks",
				);
				PRODUCT_BUNDLE_IDENTIFIER = friedrich.weise.wechselTests;
				PRODUCT_NAME = "$(TARGET_NAME)";
				SWIFT_VERSION = 4.2;
				TEST_HOST = "$(BUILT_PRODUCTS_DIR)/wechsel.app/Contents/MacOS/wechsel";
			};
			name = Debug;
		};
		FDF4191C219DD5D700A8E8E1 /* Release */ = {
			isa = XCBuildConfiguration;
			buildSettings = {
				ALWAYS_EMBED_SWIFT_STANDARD_LIBRARIES = YES;
				BUNDLE_LOADER = "$(TEST_HOST)";
				CODE_SIGN_STYLE = Automatic;
				COMBINE_HIDPI_IMAGES = YES;
				INFOPLIST_FILE = wechselTests/Info.plist;
				LD_RUNPATH_SEARCH_PATHS = (
					"$(inherited)",
					"@executable_path/../Frameworks",
					"@loader_path/../Frameworks",
				);
				PRODUCT_BUNDLE_IDENTIFIER = friedrich.weise.wechselTests;
				PRODUCT_NAME = "$(TARGET_NAME)";
				SWIFT_VERSION = 4.2;
				TEST_HOST = "$(BUILT_PRODUCTS_DIR)/wechsel.app/Contents/MacOS/wechsel";
			};
			name = Release;
		};
/* End XCBuildConfiguration section */

/* Begin XCConfigurationList section */
		FDF418F9219DD5D500A8E8E1 /* Build configuration list for PBXProject "wechsel" */ = {
			isa = XCConfigurationList;
			buildConfigurations = (
				FDF41915219DD5D700A8E8E1 /* Debug */,
				FDF41916219DD5D700A8E8E1 /* Release */,
			);
			defaultConfigurationIsVisible = 0;
			defaultConfigurationName = Release;
		};
		FDF41917219DD5D700A8E8E1 /* Build configuration list for PBXNativeTarget "wechsel" */ = {
			isa = XCConfigurationList;
			buildConfigurations = (
				FDF41918219DD5D700A8E8E1 /* Debug */,
				FDF41919219DD5D700A8E8E1 /* Release */,
			);
			defaultConfigurationIsVisible = 0;
			defaultConfigurationName = Release;
		};
		FDF4191A219DD5D700A8E8E1 /* Build configuration list for PBXNativeTarget "wechselTests" */ = {
			isa = XCConfigurationList;
			buildConfigurations = (
				FDF4191B219DD5D700A8E8E1 /* Debug */,
				FDF4191C219DD5D700A8E8E1 /* Release */,
			);
			defaultConfigurationIsVisible = 0;
			defaultConfigurationName = Release;
		};
/* End XCConfigurationList section */
	};
	rootObject = FDF418F6219DD5D500A8E8E1 /* Project object */;
}
