// !$*UTF8*$!
{
	archiveVersion = 1;
	classes = {
	};
	objectVersion = 50;
	objects = {

/* Begin PBXBuildFile section */
		FD27BD7C2222F67300CC947B /* SettingsButtonViewController.swift in Sources */ = {isa = PBXBuildFile; fileRef = FD27BD7B2222F67300CC947B /* SettingsButtonViewController.swift */; };
		FD399F7C220FA2D3008576CD /* MainWindow.xib in Resources */ = {isa = PBXBuildFile; fileRef = FD399F7E220FA2D3008576CD /* MainWindow.xib */; };
		FD399F83220FA315008576CD /* PreferenceWindowController.xib in Resources */ = {isa = PBXBuildFile; fileRef = FD399F85220FA315008576CD /* PreferenceWindowController.xib */; };
		FD399F90220FA6EB008576CD /* Localizable.strings in Resources */ = {isa = PBXBuildFile; fileRef = FD399F92220FA6EB008576CD /* Localizable.strings */; };
		FD401BDC219F0DC80047F462 /* PreferenceWindowController.swift in Sources */ = {isa = PBXBuildFile; fileRef = FD401BDA219F0DC80047F462 /* PreferenceWindowController.swift */; };
		FD401BDF219F0EFE0047F462 /* PreferenceViewController.swift in Sources */ = {isa = PBXBuildFile; fileRef = FD401BDE219F0EFE0047F462 /* PreferenceViewController.swift */; };
		FD4CF5CA219F152400901936 /* Config.swift in Sources */ = {isa = PBXBuildFile; fileRef = FD4CF5C9219F152400901936 /* Config.swift */; };
		FD4CF5CD219F1E5600901936 /* MASShortcut.framework in Frameworks */ = {isa = PBXBuildFile; fileRef = FD4CF5CB219F1E3D00901936 /* MASShortcut.framework */; };
		FD4CF5CE219F1E5600901936 /* MASShortcut.framework in Embed Frameworks */ = {isa = PBXBuildFile; fileRef = FD4CF5CB219F1E3D00901936 /* MASShortcut.framework */; settings = {ATTRIBUTES = (CodeSignOnCopy, RemoveHeadersOnCopy, ); }; };
		FD4D6ED421A432F7005DB70B /* Bluetooth.swift in Sources */ = {isa = PBXBuildFile; fileRef = FD4D6ED321A432F7005DB70B /* Bluetooth.swift */; };
		FD4D6ED921A56AB3005DB70B /* TimeAgo.swift in Sources */ = {isa = PBXBuildFile; fileRef = FD4D6ED821A56AB3005DB70B /* TimeAgo.swift */; };
		FD4D6EDD21A57170005DB70B /* Cartfile in Resources */ = {isa = PBXBuildFile; fileRef = FD4D6EDA21A5716F005DB70B /* Cartfile */; };
		FD4D6EDE21A57170005DB70B /* Cartfile.resolved in Resources */ = {isa = PBXBuildFile; fileRef = FD4D6EDB21A5716F005DB70B /* Cartfile.resolved */; };
		FD4D6EDF21A57170005DB70B /* README.md in Resources */ = {isa = PBXBuildFile; fileRef = FD4D6EDC21A5716F005DB70B /* README.md */; };
		FD7775D1220B6DA100B72DEB /* LaunchAtLogin.framework in Frameworks */ = {isa = PBXBuildFile; fileRef = FD7775CD220B6D9F00B72DEB /* LaunchAtLogin.framework */; };
		FD7775D2220B6DA100B72DEB /* LaunchAtLogin.framework in Embed Frameworks */ = {isa = PBXBuildFile; fileRef = FD7775CD220B6D9F00B72DEB /* LaunchAtLogin.framework */; settings = {ATTRIBUTES = (CodeSignOnCopy, RemoveHeadersOnCopy, ); }; };
		FDD7A71E21B0125F00130122 /* DeviceTableCellView.swift in Sources */ = {isa = PBXBuildFile; fileRef = FDD7A71D21B0125F00130122 /* DeviceTableCellView.swift */; };
		FDD7A72021B0126B00130122 /* BluetoothTableCellView.swift in Sources */ = {isa = PBXBuildFile; fileRef = FDD7A71F21B0126B00130122 /* BluetoothTableCellView.swift */; };
		FDF41902219DD5D500A8E8E1 /* AppDelegate.swift in Sources */ = {isa = PBXBuildFile; fileRef = FDF41901219DD5D500A8E8E1 /* AppDelegate.swift */; };
		FDF41904219DD5D700A8E8E1 /* Assets.xcassets in Resources */ = {isa = PBXBuildFile; fileRef = FDF41903219DD5D700A8E8E1 /* Assets.xcassets */; };
		FDF41907219DD5D700A8E8E1 /* MainMenu.xib in Resources */ = {isa = PBXBuildFile; fileRef = FDF41905219DD5D700A8E8E1 /* MainMenu.xib */; };
		FDF41913219DD5D700A8E8E1 /* wechselTests.swift in Sources */ = {isa = PBXBuildFile; fileRef = FDF41912219DD5D700A8E8E1 /* wechselTests.swift */; };
		FDF4191E219DD65A00A8E8E1 /* MainMenuController.swift in Sources */ = {isa = PBXBuildFile; fileRef = FDF4191D219DD65A00A8E8E1 /* MainMenuController.swift */; };
		FDF41921219DD81600A8E8E1 /* MainWindowController.swift in Sources */ = {isa = PBXBuildFile; fileRef = FDF4191F219DD81600A8E8E1 /* MainWindowController.swift */; };
		FDF41924219DD93400A8E8E1 /* ViewController.swift in Sources */ = {isa = PBXBuildFile; fileRef = FDF41923219DD93400A8E8E1 /* ViewController.swift */; };
/* End PBXBuildFile section */

/* Begin PBXContainerItemProxy section */
		FDF4190F219DD5D700A8E8E1 /* PBXContainerItemProxy */ = {
			isa = PBXContainerItemProxy;
			containerPortal = FDF418F6219DD5D500A8E8E1 /* Project object */;
			proxyType = 1;
			remoteGlobalIDString = FDF418FD219DD5D500A8E8E1;
			remoteInfo = wechsel;
		};
/* End PBXContainerItemProxy section */

/* Begin PBXCopyFilesBuildPhase section */
		FD5CF88F219F122400F687A5 /* Embed Frameworks */ = {
			isa = PBXCopyFilesBuildPhase;
			buildActionMask = 2147483647;
			dstPath = "";
			dstSubfolderSpec = 10;
			files = (
				FD7775D2220B6DA100B72DEB /* LaunchAtLogin.framework in Embed Frameworks */,
				FD4CF5CE219F1E5600901936 /* MASShortcut.framework in Embed Frameworks */,
			);
			name = "Embed Frameworks";
			runOnlyForDeploymentPostprocessing = 0;
		};
/* End PBXCopyFilesBuildPhase section */

/* Begin PBXFileReference section */
		FD1A3B83229C13FE009CB6A3 /* de */ = {isa = PBXFileReference; lastKnownFileType = text.plist.strings; name = de; path = de.lproj/PreferenceWindowController.strings; sourceTree = "<group>"; };
		FD27BD7B2222F67300CC947B /* SettingsButtonViewController.swift */ = {isa = PBXFileReference; lastKnownFileType = sourcecode.swift; path = SettingsButtonViewController.swift; sourceTree = "<group>"; };
		FD399F7B220FA2A5008576CD /* de */ = {isa = PBXFileReference; lastKnownFileType = text.plist.strings; name = de; path = de.lproj/MainMenu.strings; sourceTree = "<group>"; };
		FD399F7D220FA2D3008576CD /* Base */ = {isa = PBXFileReference; lastKnownFileType = file.xib; name = Base; path = Base.lproj/MainWindow.xib; sourceTree = "<group>"; };
		FD399F82220FA2D8008576CD /* de */ = {isa = PBXFileReference; lastKnownFileType = text.plist.strings; name = de; path = de.lproj/MainWindow.strings; sourceTree = "<group>"; };
		FD399F86220FA31B008576CD /* Base */ = {isa = PBXFileReference; lastKnownFileType = file.xib; name = Base; path = Base.lproj/PreferenceWindowController.xib; sourceTree = "<group>"; };
		FD399F89220FA3D6008576CD /* en */ = {isa = PBXFileReference; lastKnownFileType = text.plist.strings; name = en; path = en.lproj/MainMenu.strings; sourceTree = "<group>"; };
		FD399F8B220FA3E2008576CD /* en */ = {isa = PBXFileReference; lastKnownFileType = text.plist.strings; name = en; path = en.lproj/MainWindow.strings; sourceTree = "<group>"; };
		FD399F8D220FA3F8008576CD /* en */ = {isa = PBXFileReference; lastKnownFileType = text.plist.strings; name = en; path = en.lproj/PreferenceWindowController.strings; sourceTree = "<group>"; };
		FD399F91220FA6EB008576CD /* de */ = {isa = PBXFileReference; lastKnownFileType = text.plist.strings; name = de; path = de.lproj/Localizable.strings; sourceTree = "<group>"; };
		FD399F93220FA6EF008576CD /* en */ = {isa = PBXFileReference; lastKnownFileType = text.plist.strings; name = en; path = en.lproj/Localizable.strings; sourceTree = "<group>"; };
		FD401BD2219F07470047F462 /* Bridging_Header.h */ = {isa = PBXFileReference; lastKnownFileType = sourcecode.c.h; path = Bridging_Header.h; sourceTree = "<group>"; };
		FD401BDA219F0DC80047F462 /* PreferenceWindowController.swift */ = {isa = PBXFileReference; lastKnownFileType = sourcecode.swift; path = PreferenceWindowController.swift; sourceTree = "<group>"; };
		FD401BDE219F0EFE0047F462 /* PreferenceViewController.swift */ = {isa = PBXFileReference; lastKnownFileType = sourcecode.swift; path = PreferenceViewController.swift; sourceTree = "<group>"; };
		FD4CF5C9219F152400901936 /* Config.swift */ = {isa = PBXFileReference; lastKnownFileType = sourcecode.swift; path = Config.swift; sourceTree = "<group>"; };
		FD4CF5CB219F1E3D00901936 /* MASShortcut.framework */ = {isa = PBXFileReference; lastKnownFileType = wrapper.framework; name = MASShortcut.framework; path = Carthage/Build/Mac/MASShortcut.framework; sourceTree = SOURCE_ROOT; };
		FD4D6ED321A432F7005DB70B /* Bluetooth.swift */ = {isa = PBXFileReference; lastKnownFileType = sourcecode.swift; path = Bluetooth.swift; sourceTree = "<group>"; };
		FD4D6ED821A56AB3005DB70B /* TimeAgo.swift */ = {isa = PBXFileReference; lastKnownFileType = sourcecode.swift; path = TimeAgo.swift; sourceTree = "<group>"; };
		FD4D6EDA21A5716F005DB70B /* Cartfile */ = {isa = PBXFileReference; fileEncoding = 4; lastKnownFileType = text; path = Cartfile; sourceTree = "<group>"; };
		FD4D6EDB21A5716F005DB70B /* Cartfile.resolved */ = {isa = PBXFileReference; fileEncoding = 4; lastKnownFileType = text; path = Cartfile.resolved; sourceTree = "<group>"; };
		FD4D6EDC21A5716F005DB70B /* README.md */ = {isa = PBXFileReference; fileEncoding = 4; lastKnownFileType = net.daringfireball.markdown; path = README.md; sourceTree = "<group>"; };
		FD7775CD220B6D9F00B72DEB /* LaunchAtLogin.framework */ = {isa = PBXFileReference; lastKnownFileType = wrapper.framework; name = LaunchAtLogin.framework; path = Carthage/Build/Mac/LaunchAtLogin.framework; sourceTree = SOURCE_ROOT; };
		FDD7A71D21B0125F00130122 /* DeviceTableCellView.swift */ = {isa = PBXFileReference; lastKnownFileType = sourcecode.swift; path = DeviceTableCellView.swift; sourceTree = "<group>"; };
		FDD7A71F21B0126B00130122 /* BluetoothTableCellView.swift */ = {isa = PBXFileReference; lastKnownFileType = sourcecode.swift; path = BluetoothTableCellView.swift; sourceTree = "<group>"; };
		FDF418FE219DD5D500A8E8E1 /* wechsel.app */ = {isa = PBXFileReference; explicitFileType = wrapper.application; includeInIndex = 0; path = wechsel.app; sourceTree = BUILT_PRODUCTS_DIR; };
		FDF41901219DD5D500A8E8E1 /* AppDelegate.swift */ = {isa = PBXFileReference; lastKnownFileType = sourcecode.swift; path = AppDelegate.swift; sourceTree = "<group>"; };
		FDF41903219DD5D700A8E8E1 /* Assets.xcassets */ = {isa = PBXFileReference; lastKnownFileType = folder.assetcatalog; path = Assets.xcassets; sourceTree = "<group>"; };
		FDF41906219DD5D700A8E8E1 /* Base */ = {isa = PBXFileReference; lastKnownFileType = file.xib; name = Base; path = Base.lproj/MainMenu.xib; sourceTree = "<group>"; };
		FDF41908219DD5D700A8E8E1 /* Info.plist */ = {isa = PBXFileReference; lastKnownFileType = text.plist.xml; path = Info.plist; sourceTree = "<group>"; };
		FDF41909219DD5D700A8E8E1 /* wechsel.entitlements */ = {isa = PBXFileReference; lastKnownFileType = text.plist.entitlements; path = wechsel.entitlements; sourceTree = "<group>"; };
		FDF4190E219DD5D700A8E8E1 /* wechselTests.xctest */ = {isa = PBXFileReference; explicitFileType = wrapper.cfbundle; includeInIndex = 0; path = wechselTests.xctest; sourceTree = BUILT_PRODUCTS_DIR; };
		FDF41912219DD5D700A8E8E1 /* wechselTests.swift */ = {isa = PBXFileReference; lastKnownFileType = sourcecode.swift; path = wechselTests.swift; sourceTree = "<group>"; };
		FDF41914219DD5D700A8E8E1 /* Info.plist */ = {isa = PBXFileReference; lastKnownFileType = text.plist.xml; path = Info.plist; sourceTree = "<group>"; };
		FDF4191D219DD65A00A8E8E1 /* MainMenuController.swift */ = {isa = PBXFileReference; lastKnownFileType = sourcecode.swift; path = MainMenuController.swift; sourceTree = "<group>"; };
		FDF4191F219DD81600A8E8E1 /* MainWindowController.swift */ = {isa = PBXFileReference; lastKnownFileType = sourcecode.swift; path = MainWindowController.swift; sourceTree = "<group>"; };
		FDF41923219DD93400A8E8E1 /* ViewController.swift */ = {isa = PBXFileReference; fileEncoding = 4; lastKnownFileType = sourcecode.swift; path = ViewController.swift; sourceTree = "<group>"; };
/* End PBXFileReference section */

/* Begin PBXFrameworksBuildPhase section */
		FDF418FB219DD5D500A8E8E1 /* Frameworks */ = {
			isa = PBXFrameworksBuildPhase;
			buildActionMask = 2147483647;
			files = (
				FD7775D1220B6DA100B72DEB /* LaunchAtLogin.framework in Frameworks */,
				FD4CF5CD219F1E5600901936 /* MASShortcut.framework in Frameworks */,
			);
			runOnlyForDeploymentPostprocessing = 0;
		};
		FDF4190B219DD5D700A8E8E1 /* Frameworks */ = {
			isa = PBXFrameworksBuildPhase;
			buildActionMask = 2147483647;
			files = (
			);
			runOnlyForDeploymentPostprocessing = 0;
		};
/* End PBXFrameworksBuildPhase section */

/* Begin PBXGroup section */
		FD4CF5C7219F149E00901936 /* Preferences */ = {
			isa = PBXGroup;
			children = (
				FD401BDA219F0DC80047F462 /* PreferenceWindowController.swift */,
				FD399F85220FA315008576CD /* PreferenceWindowController.xib */,
				FD401BDE219F0EFE0047F462 /* PreferenceViewController.swift */,
			);
			path = Preferences;
			sourceTree = "<group>";
		};
		FD4CF5C8219F14AC00901936 /* Modal */ = {
			isa = PBXGroup;
			children = (
				FD399F7E220FA2D3008576CD /* MainWindow.xib */,
				FDF4191F219DD81600A8E8E1 /* MainWindowController.swift */,
				FDF41923219DD93400A8E8E1 /* ViewController.swift */,
				FDD7A71D21B0125F00130122 /* DeviceTableCellView.swift */,
				FDD7A71F21B0126B00130122 /* BluetoothTableCellView.swift */,
				FD27BD7B2222F67300CC947B /* SettingsButtonViewController.swift */,
			);
			path = Modal;
			sourceTree = "<group>";
		};
		FD4D6ED721A56AA7005DB70B /* Helpers */ = {
			isa = PBXGroup;
			children = (
				FD4D6ED321A432F7005DB70B /* Bluetooth.swift */,
				FD4CF5C9219F152400901936 /* Config.swift */,
				FD4D6ED821A56AB3005DB70B /* TimeAgo.swift */,
			);
			path = Helpers;
			sourceTree = "<group>";
		};
		FDF418F5219DD5D500A8E8E1 = {
			isa = PBXGroup;
			children = (
				FD4D6EDA21A5716F005DB70B /* Cartfile */,
				FD4D6EDB21A5716F005DB70B /* Cartfile.resolved */,
				FD4D6EDC21A5716F005DB70B /* README.md */,
				FD401BD2219F07470047F462 /* Bridging_Header.h */,
				FDF41900219DD5D500A8E8E1 /* wechsel */,
				FDF4192F219DDD1600A8E8E1 /* Frameworks */,
				FDF41911219DD5D700A8E8E1 /* wechselTests */,
				FDF418FF219DD5D500A8E8E1 /* Products */,
			);
			sourceTree = "<group>";
		};
		FDF418FF219DD5D500A8E8E1 /* Products */ = {
			isa = PBXGroup;
			children = (
				FDF418FE219DD5D500A8E8E1 /* wechsel.app */,
				FDF4190E219DD5D700A8E8E1 /* wechselTests.xctest */,
			);
			name = Products;
			sourceTree = "<group>";
		};
		FDF41900219DD5D500A8E8E1 /* wechsel */ = {
			isa = PBXGroup;
			children = (
				FD4D6ED721A56AA7005DB70B /* Helpers */,
				FDF41901219DD5D500A8E8E1 /* AppDelegate.swift */,
				FDF41903219DD5D700A8E8E1 /* Assets.xcassets */,
				FDF41905219DD5D700A8E8E1 /* MainMenu.xib */,
				FDF41908219DD5D700A8E8E1 /* Info.plist */,
				FDF41909219DD5D700A8E8E1 /* wechsel.entitlements */,
				FDF4191D219DD65A00A8E8E1 /* MainMenuController.swift */,
				FD4CF5C8219F14AC00901936 /* Modal */,
				FD4CF5C7219F149E00901936 /* Preferences */,
				FD399F92220FA6EB008576CD /* Localizable.strings */,
			);
			path = wechsel;
			sourceTree = "<group>";
		};
		FDF41911219DD5D700A8E8E1 /* wechselTests */ = {
			isa = PBXGroup;
			children = (
				FDF41912219DD5D700A8E8E1 /* wechselTests.swift */,
				FDF41914219DD5D700A8E8E1 /* Info.plist */,
			);
			path = wechselTests;
			sourceTree = "<group>";
		};
		FDF4192F219DDD1600A8E8E1 /* Frameworks */ = {
			isa = PBXGroup;
			children = (
				FD7775CD220B6D9F00B72DEB /* LaunchAtLogin.framework */,
				FD4CF5CB219F1E3D00901936 /* MASShortcut.framework */,
			);
			path = Frameworks;
			sourceTree = "<group>";
		};
/* End PBXGroup section */

/* Begin PBXNativeTarget section */
		FDF418FD219DD5D500A8E8E1 /* wechsel */ = {
			isa = PBXNativeTarget;
			buildConfigurationList = FDF41917219DD5D700A8E8E1 /* Build configuration list for PBXNativeTarget "wechsel" */;
			buildPhases = (
				FDF418FA219DD5D500A8E8E1 /* Sources */,
				FDF418FB219DD5D500A8E8E1 /* Frameworks */,
				FDF418FC219DD5D500A8E8E1 /* Resources */,
				FD5CF88F219F122400F687A5 /* Embed Frameworks */,
				FD48B8CE21FCB82C00091F12 /* ShellScript */,
			);
			buildRules = (
			);
			dependencies = (
			);
			name = wechsel;
			productName = wechsel;
			productReference = FDF418FE219DD5D500A8E8E1 /* wechsel.app */;
			productType = "com.apple.product-type.application";
		};
		FDF4190D219DD5D700A8E8E1 /* wechselTests */ = {
			isa = PBXNativeTarget;
			buildConfigurationList = FDF4191A219DD5D700A8E8E1 /* Build configuration list for PBXNativeTarget "wechselTests" */;
			buildPhases = (
				FDF4190A219DD5D700A8E8E1 /* Sources */,
				FDF4190B219DD5D700A8E8E1 /* Frameworks */,
				FDF4190C219DD5D700A8E8E1 /* Resources */,
			);
			buildRules = (
			);
			dependencies = (
				FDF41910219DD5D700A8E8E1 /* PBXTargetDependency */,
			);
			name = wechselTests;
			productName = wechselTests;
			productReference = FDF4190E219DD5D700A8E8E1 /* wechselTests.xctest */;
			productType = "com.apple.product-type.bundle.unit-test";
		};
/* End PBXNativeTarget section */

/* Begin PBXProject section */
		FDF418F6219DD5D500A8E8E1 /* Project object */ = {
			isa = PBXProject;
			attributes = {
				KnownAssetTags = (
					blueutil,
				);
				LastSwiftUpdateCheck = 1010;
				LastUpgradeCheck = 1340;
				ORGANIZATIONNAME = "Friedrich Weise";
				TargetAttributes = {
					FDF418FD219DD5D500A8E8E1 = {
						CreatedOnToolsVersion = 10.1;
						LastSwiftMigration = 1020;
						SystemCapabilities = {
							com.apple.HardenedRuntime = {
								enabled = 1;
							};
							com.apple.Sandbox = {
								enabled = 1;
							};
						};
					};
					FDF4190D219DD5D700A8E8E1 = {
						CreatedOnToolsVersion = 10.1;
						LastSwiftMigration = 1020;
						TestTargetID = FDF418FD219DD5D500A8E8E1;
					};
				};
			};
			buildConfigurationList = FDF418F9219DD5D500A8E8E1 /* Build configuration list for PBXProject "wechsel" */;
			compatibilityVersion = "Xcode 9.3";
			developmentRegion = en;
			hasScannedForEncodings = 0;
			knownRegions = (
				en,
				Base,
				de,
			);
			mainGroup = FDF418F5219DD5D500A8E8E1;
			productRefGroup = FDF418FF219DD5D500A8E8E1 /* Products */;
			projectDirPath = "";
			projectRoot = "";
			targets = (
				FDF418FD219DD5D500A8E8E1 /* wechsel */,
				FDF4190D219DD5D700A8E8E1 /* wechselTests */,
			);
		};
/* End PBXProject section */

/* Begin PBXResourcesBuildPhase section */
		FDF418FC219DD5D500A8E8E1 /* Resources */ = {
			isa = PBXResourcesBuildPhase;
			buildActionMask = 2147483647;
			files = (
				FD4D6EDD21A57170005DB70B /* Cartfile in Resources */,
				FD4D6EDE21A57170005DB70B /* Cartfile.resolved in Resources */,
				FD399F83220FA315008576CD /* PreferenceWindowController.xib in Resources */,
				FDF41904219DD5D700A8E8E1 /* Assets.xcassets in Resources */,
				FDF41907219DD5D700A8E8E1 /* MainMenu.xib in Resources */,
				FD399F90220FA6EB008576CD /* Localizable.strings in Resources */,
				FD4D6EDF21A57170005DB70B /* README.md in Resources */,
				FD399F7C220FA2D3008576CD /* MainWindow.xib in Resources */,
			);
			runOnlyForDeploymentPostprocessing = 0;
		};
		FDF4190C219DD5D700A8E8E1 /* Resources */ = {
			isa = PBXResourcesBuildPhase;
			buildActionMask = 2147483647;
			files = (
			);
			runOnlyForDeploymentPostprocessing = 0;
		};
/* End PBXResourcesBuildPhase section */

/* Begin PBXShellScriptBuildPhase section */
		FD48B8CE21FCB82C00091F12 /* ShellScript */ = {
			isa = PBXShellScriptBuildPhase;
			buildActionMask = 2147483647;
			files = (
			);
			inputFileListPaths = (
			);
			inputPaths = (
			);
			outputFileListPaths = (
			);
			outputPaths = (
			);
			runOnlyForDeploymentPostprocessing = 0;
			shellPath = /bin/sh;
			shellScript = "# Type a script or drag a script file from your workspace to insert its path.\n\"${PROJECT_DIR}/Carthage/Build/Mac/LaunchAtLogin.framework/Resources/copy-helper.sh\"\n";
		};
/* End PBXShellScriptBuildPhase section */

/* Begin PBXSourcesBuildPhase section */
		FDF418FA219DD5D500A8E8E1 /* Sources */ = {
			isa = PBXSourcesBuildPhase;
			buildActionMask = 2147483647;
			files = (
				FDD7A72021B0126B00130122 /* BluetoothTableCellView.swift in Sources */,
				FDF41902219DD5D500A8E8E1 /* AppDelegate.swift in Sources */,
				FDD7A71E21B0125F00130122 /* DeviceTableCellView.swift in Sources */,
				FD4D6ED921A56AB3005DB70B /* TimeAgo.swift in Sources */,
				FD401BDC219F0DC80047F462 /* PreferenceWindowController.swift in Sources */,
				FD27BD7C2222F67300CC947B /* SettingsButtonViewController.swift in Sources */,
				FD4CF5CA219F152400901936 /* Config.swift in Sources */,
				FDF41921219DD81600A8E8E1 /* MainWindowController.swift in Sources */,
				FDF41924219DD93400A8E8E1 /* ViewController.swift in Sources */,
				FD4D6ED421A432F7005DB70B /* Bluetooth.swift in Sources */,
				FDF4191E219DD65A00A8E8E1 /* MainMenuController.swift in Sources */,
				FD401BDF219F0EFE0047F462 /* PreferenceViewController.swift in Sources */,
			);
			runOnlyForDeploymentPostprocessing = 0;
		};
		FDF4190A219DD5D700A8E8E1 /* Sources */ = {
			isa = PBXSourcesBuildPhase;
			buildActionMask = 2147483647;
			files = (
				FDF41913219DD5D700A8E8E1 /* wechselTests.swift in Sources */,
			);
			runOnlyForDeploymentPostprocessing = 0;
		};
/* End PBXSourcesBuildPhase section */

/* Begin PBXTargetDependency section */
		FDF41910219DD5D700A8E8E1 /* PBXTargetDependency */ = {
			isa = PBXTargetDependency;
			target = FDF418FD219DD5D500A8E8E1 /* wechsel */;
			targetProxy = FDF4190F219DD5D700A8E8E1 /* PBXContainerItemProxy */;
		};
/* End PBXTargetDependency section */

/* Begin PBXVariantGroup section */
		FD399F7E220FA2D3008576CD /* MainWindow.xib */ = {
			isa = PBXVariantGroup;
			children = (
				FD399F7D220FA2D3008576CD /* Base */,
				FD399F82220FA2D8008576CD /* de */,
				FD399F8B220FA3E2008576CD /* en */,
			);
			name = MainWindow.xib;
			sourceTree = "<group>";
		};
		FD399F85220FA315008576CD /* PreferenceWindowController.xib */ = {
			isa = PBXVariantGroup;
			children = (
				FD399F86220FA31B008576CD /* Base */,
				FD399F8D220FA3F8008576CD /* en */,
				FD1A3B83229C13FE009CB6A3 /* de */,
			);
			name = PreferenceWindowController.xib;
			sourceTree = "<group>";
		};
		FD399F92220FA6EB008576CD /* Localizable.strings */ = {
			isa = PBXVariantGroup;
			children = (
				FD399F91220FA6EB008576CD /* de */,
				FD399F93220FA6EF008576CD /* en */,
			);
			name = Localizable.strings;
			sourceTree = "<group>";
		};
		FDF41905219DD5D700A8E8E1 /* MainMenu.xib */ = {
			isa = PBXVariantGroup;
			children = (
				FDF41906219DD5D700A8E8E1 /* Base */,
				FD399F7B220FA2A5008576CD /* de */,
				FD399F89220FA3D6008576CD /* en */,
			);
			name = MainMenu.xib;
			sourceTree = "<group>";
		};
/* End PBXVariantGroup section */

/* Begin XCBuildConfiguration section */
		FDF41915219DD5D700A8E8E1 /* Debug */ = {
			isa = XCBuildConfiguration;
			buildSettings = {
				ALWAYS_SEARCH_USER_PATHS = NO;
				CLANG_ANALYZER_LOCALIZABILITY_NONLOCALIZED = YES;
				CLANG_ANALYZER_NONNULL = YES;
				CLANG_ANALYZER_NUMBER_OBJECT_CONVERSION = YES_AGGRESSIVE;
				CLANG_CXX_LANGUAGE_STANDARD = "gnu++14";
				CLANG_CXX_LIBRARY = "libc++";
				CLANG_ENABLE_MODULES = YES;
				CLANG_ENABLE_OBJC_ARC = YES;
				CLANG_ENABLE_OBJC_WEAK = YES;
				CLANG_WARN_BLOCK_CAPTURE_AUTORELEASING = YES;
				CLANG_WARN_BOOL_CONVERSION = YES;
				CLANG_WARN_COMMA = YES;
				CLANG_WARN_CONSTANT_CONVERSION = YES;
				CLANG_WARN_DEPRECATED_OBJC_IMPLEMENTATIONS = YES;
				CLANG_WARN_DIRECT_OBJC_ISA_USAGE = YES_ERROR;
				CLANG_WARN_DOCUMENTATION_COMMENTS = YES;
				CLANG_WARN_EMPTY_BODY = YES;
				CLANG_WARN_ENUM_CONVERSION = YES;
				CLANG_WARN_INFINITE_RECURSION = YES;
				CLANG_WARN_INT_CONVERSION = YES;
				CLANG_WARN_NON_LITERAL_NULL_CONVERSION = YES;
				CLANG_WARN_OBJC_IMPLICIT_RETAIN_SELF = YES;
				CLANG_WARN_OBJC_LITERAL_CONVERSION = YES;
				CLANG_WARN_OBJC_ROOT_CLASS = YES_ERROR;
				CLANG_WARN_QUOTED_INCLUDE_IN_FRAMEWORK_HEADER = YES;
				CLANG_WARN_RANGE_LOOP_ANALYSIS = YES;
				CLANG_WARN_STRICT_PROTOTYPES = YES;
				CLANG_WARN_SUSPICIOUS_MOVE = YES;
				CLANG_WARN_UNGUARDED_AVAILABILITY = YES_AGGRESSIVE;
				CLANG_WARN_UNREACHABLE_CODE = YES;
				CLANG_WARN__DUPLICATE_METHOD_MATCH = YES;
				CODE_SIGN_IDENTITY = "-";
				COPY_PHASE_STRIP = NO;
				DEBUG_INFORMATION_FORMAT = dwarf;
				ENABLE_STRICT_OBJC_MSGSEND = YES;
				ENABLE_TESTABILITY = YES;
				GCC_C_LANGUAGE_STANDARD = gnu11;
				GCC_DYNAMIC_NO_PIC = NO;
				GCC_NO_COMMON_BLOCKS = YES;
				GCC_OPTIMIZATION_LEVEL = 0;
				GCC_PREPROCESSOR_DEFINITIONS = (
					"DEBUG=1",
					"$(inherited)",
				);
				GCC_WARN_64_TO_32_BIT_CONVERSION = YES;
				GCC_WARN_ABOUT_RETURN_TYPE = YES_ERROR;
				GCC_WARN_UNDECLARED_SELECTOR = YES;
				GCC_WARN_UNINITIALIZED_AUTOS = YES_AGGRESSIVE;
				GCC_WARN_UNUSED_FUNCTION = YES;
				GCC_WARN_UNUSED_VARIABLE = YES;
				MACOSX_DEPLOYMENT_TARGET = 10.14;
				MTL_ENABLE_DEBUG_INFO = INCLUDE_SOURCE;
				MTL_FAST_MATH = YES;
				ONLY_ACTIVE_ARCH = YES;
				SDKROOT = macosx;
				SWIFT_ACTIVE_COMPILATION_CONDITIONS = DEBUG;
				SWIFT_OPTIMIZATION_LEVEL = "-Onone";
			};
			name = Debug;
		};
		FDF41916219DD5D700A8E8E1 /* Release */ = {
			isa = XCBuildConfiguration;
			buildSettings = {
				ALWAYS_SEARCH_USER_PATHS = NO;
				CLANG_ANALYZER_LOCALIZABILITY_NONLOCALIZED = YES;
				CLANG_ANALYZER_NONNULL = YES;
				CLANG_ANALYZER_NUMBER_OBJECT_CONVERSION = YES_AGGRESSIVE;
				CLANG_CXX_LANGUAGE_STANDARD = "gnu++14";
				CLANG_CXX_LIBRARY = "libc++";
				CLANG_ENABLE_MODULES = YES;
				CLANG_ENABLE_OBJC_ARC = YES;
				CLANG_ENABLE_OBJC_WEAK = YES;
				CLANG_WARN_BLOCK_CAPTURE_AUTORELEASING = YES;
				CLANG_WARN_BOOL_CONVERSION = YES;
				CLANG_WARN_COMMA = YES;
				CLANG_WARN_CONSTANT_CONVERSION = YES;
				CLANG_WARN_DEPRECATED_OBJC_IMPLEMENTATIONS = YES;
				CLANG_WARN_DIRECT_OBJC_ISA_USAGE = YES_ERROR;
				CLANG_WARN_DOCUMENTATION_COMMENTS = YES;
				CLANG_WARN_EMPTY_BODY = YES;
				CLANG_WARN_ENUM_CONVERSION = YES;
				CLANG_WARN_INFINITE_RECURSION = YES;
				CLANG_WARN_INT_CONVERSION = YES;
				CLANG_WARN_NON_LITERAL_NULL_CONVERSION = YES;
				CLANG_WARN_OBJC_IMPLICIT_RETAIN_SELF = YES;
				CLANG_WARN_OBJC_LITERAL_CONVERSION = YES;
				CLANG_WARN_OBJC_ROOT_CLASS = YES_ERROR;
				CLANG_WARN_QUOTED_INCLUDE_IN_FRAMEWORK_HEADER = YES;
				CLANG_WARN_RANGE_LOOP_ANALYSIS = YES;
				CLANG_WARN_STRICT_PROTOTYPES = YES;
				CLANG_WARN_SUSPICIOUS_MOVE = YES;
				CLANG_WARN_UNGUARDED_AVAILABILITY = YES_AGGRESSIVE;
				CLANG_WARN_UNREACHABLE_CODE = YES;
				CLANG_WARN__DUPLICATE_METHOD_MATCH = YES;
				CODE_SIGN_IDENTITY = "-";
				COPY_PHASE_STRIP = NO;
				DEBUG_INFORMATION_FORMAT = "dwarf-with-dsym";
				ENABLE_NS_ASSERTIONS = NO;
				ENABLE_STRICT_OBJC_MSGSEND = YES;
				GCC_C_LANGUAGE_STANDARD = gnu11;
				GCC_NO_COMMON_BLOCKS = YES;
				GCC_WARN_64_TO_32_BIT_CONVERSION = YES;
				GCC_WARN_ABOUT_RETURN_TYPE = YES_ERROR;
				GCC_WARN_UNDECLARED_SELECTOR = YES;
				GCC_WARN_UNINITIALIZED_AUTOS = YES_AGGRESSIVE;
				GCC_WARN_UNUSED_FUNCTION = YES;
				GCC_WARN_UNUSED_VARIABLE = YES;
				MACOSX_DEPLOYMENT_TARGET = 10.14;
				MTL_ENABLE_DEBUG_INFO = NO;
				MTL_FAST_MATH = YES;
				SDKROOT = macosx;
				SWIFT_COMPILATION_MODE = wholemodule;
				SWIFT_OPTIMIZATION_LEVEL = "-O";
			};
			name = Release;
		};
		FDF41918219DD5D700A8E8E1 /* Debug */ = {
			isa = XCBuildConfiguration;
			buildSettings = {
				ASSETCATALOG_COMPILER_APPICON_NAME = AppIcon;
				CODE_SIGN_ENTITLEMENTS = wechsel/wechsel.entitlements;
				CODE_SIGN_IDENTITY = "Mac Developer";
				CODE_SIGN_STYLE = Automatic;
				COMBINE_HIDPI_IMAGES = YES;
				DEVELOPMENT_TEAM = M7WS23A7ZJ;
				ENABLE_HARDENED_RUNTIME = YES;
				FRAMEWORK_SEARCH_PATHS = (
					"$(inherited)",
					"$(PROJECT_DIR)/Carthage/Build/Mac",
					"$(PROJECT_DIR)/Frameworks",
				);
				INFOPLIST_FILE = wechsel/Info.plist;
				LD_RUNPATH_SEARCH_PATHS = (
					"$(inherited)",
					"@executable_path/../Frameworks",
				);
				MACOSX_DEPLOYMENT_TARGET = 10.12;
				PRODUCT_BUNDLE_IDENTIFIER = io.weise.wechsel;
				PRODUCT_NAME = "$(TARGET_NAME)";
				PROVISIONING_PROFILE_SPECIFIER = "";
				SWIFT_OBJC_BRIDGING_HEADER = Bridging_Header.h;
				SWIFT_VERSION = 5.0;
			};
			name = Debug;
		};
		FDF41919219DD5D700A8E8E1 /* Release */ = {
			isa = XCBuildConfiguration;
			buildSettings = {
				ASSETCATALOG_COMPILER_APPICON_NAME = AppIcon;
				CODE_SIGN_ENTITLEMENTS = wechsel/wechsel.entitlements;
				CODE_SIGN_IDENTITY = "Mac Developer";
				CODE_SIGN_STYLE = Automatic;
				COMBINE_HIDPI_IMAGES = YES;
				DEVELOPMENT_TEAM = M7WS23A7ZJ;
				ENABLE_HARDENED_RUNTIME = YES;
				FRAMEWORK_SEARCH_PATHS = (
					"$(inherited)",
					"$(PROJECT_DIR)/Carthage/Build/Mac",
					"$(PROJECT_DIR)/Frameworks",
				);
				INFOPLIST_FILE = wechsel/Info.plist;
				LD_RUNPATH_SEARCH_PATHS = (
					"$(inherited)",
					"@executable_path/../Frameworks",
				);
				MACOSX_DEPLOYMENT_TARGET = 10.12;
				PRODUCT_BUNDLE_IDENTIFIER = io.weise.wechsel;
				PRODUCT_NAME = "$(TARGET_NAME)";
				PROVISIONING_PROFILE_SPECIFIER = "";
				SWIFT_OBJC_BRIDGING_HEADER = Bridging_Header.h;
				SWIFT_VERSION = 5.0;
			};
			name = Release;
		};
		FDF4191B219DD5D700A8E8E1 /* Debug */ = {
			isa = XCBuildConfiguration;
			buildSettings = {
				ALWAYS_EMBED_SWIFT_STANDARD_LIBRARIES = YES;
				BUNDLE_LOADER = "$(TEST_HOST)";
				CODE_SIGN_STYLE = Automatic;
				COMBINE_HIDPI_IMAGES = YES;
				INFOPLIST_FILE = wechselTests/Info.plist;
				LD_RUNPATH_SEARCH_PATHS = (
					"$(inherited)",
					"@executable_path/../Frameworks",
					"@loader_path/../Frameworks",
				);
				PRODUCT_BUNDLE_IDENTIFIER = friedrich.weise.wechselTests;
				PRODUCT_NAME = "$(TARGET_NAME)";
				SWIFT_VERSION = 5.0;
				TEST_HOST = "$(BUILT_PRODUCTS_DIR)/wechsel.app/Contents/MacOS/wechsel";
			};
			name = Debug;
		};
		FDF4191C219DD5D700A8E8E1 /* Release */ = {
			isa = XCBuildConfiguration;
			buildSettings = {
				ALWAYS_EMBED_SWIFT_STANDARD_LIBRARIES = YES;
				BUNDLE_LOADER = "$(TEST_HOST)";
				CODE_SIGN_STYLE = Automatic;
				COMBINE_HIDPI_IMAGES = YES;
				INFOPLIST_FILE = wechselTests/Info.plist;
				LD_RUNPATH_SEARCH_PATHS = (
					"$(inherited)",
					"@executable_path/../Frameworks",
					"@loader_path/../Frameworks",
				);
				PRODUCT_BUNDLE_IDENTIFIER = friedrich.weise.wechselTests;
				PRODUCT_NAME = "$(TARGET_NAME)";
				SWIFT_VERSION = 5.0;
				TEST_HOST = "$(BUILT_PRODUCTS_DIR)/wechsel.app/Contents/MacOS/wechsel";
			};
			name = Release;
		};
/* End XCBuildConfiguration section */

/* Begin XCConfigurationList section */
		FDF418F9219DD5D500A8E8E1 /* Build configuration list for PBXProject "wechsel" */ = {
			isa = XCConfigurationList;
			buildConfigurations = (
				FDF41915219DD5D700A8E8E1 /* Debug */,
				FDF41916219DD5D700A8E8E1 /* Release */,
			);
			defaultConfigurationIsVisible = 0;
			defaultConfigurationName = Release;
		};
		FDF41917219DD5D700A8E8E1 /* Build configuration list for PBXNativeTarget "wechsel" */ = {
			isa = XCConfigurationList;
			buildConfigurations = (
				FDF41918219DD5D700A8E8E1 /* Debug */,
				FDF41919219DD5D700A8E8E1 /* Release */,
			);
			defaultConfigurationIsVisible = 0;
			defaultConfigurationName = Release;
		};
		FDF4191A219DD5D700A8E8E1 /* Build configuration list for PBXNativeTarget "wechselTests" */ = {
			isa = XCConfigurationList;
			buildConfigurations = (
				FDF4191B219DD5D700A8E8E1 /* Debug */,
				FDF4191C219DD5D700A8E8E1 /* Release */,
			);
			defaultConfigurationIsVisible = 0;
			defaultConfigurationName = Release;
		};
/* End XCConfigurationList section */
	};
	rootObject = FDF418F6219DD5D500A8E8E1 /* Project object */;
}
